<?xml version="1.0" encoding="UTF-8" standalone="yes" ?>
<CodeBlocks_project_file>
   <FileVersion major="1" minor="6" />
   <Project>
      <Option title="roboy_control" />
      <Option makefile_is_custom="1" />
      <Option compiler="gcc" />
      <Option virtualFolders="CMake Files\;CMake Files\..\;CMake Files\..\..\;CMake Files\..\..\..\;CMake Files\..\..\..\..\;CMake Files\..\..\..\..\usr\;CMake Files\..\..\..\..\usr\src\;CMake Files\..\..\..\..\usr\src\gtest\;CMake Files\..\..\..\..\usr\src\gtest\cmake\;CMake Files\..\..\..\..\opt\;CMake Files\..\..\..\..\opt\ros\;CMake Files\..\..\..\..\opt\ros\indigo\;CMake Files\..\..\..\..\opt\ros\indigo\share\;CMake Files\..\..\..\..\opt\ros\indigo\share\catkin\;CMake Files\..\..\..\..\opt\ros\indigo\share\catkin\cmake\;CMake Files\..\..\..\..\opt\ros\indigo\share\catkin\cmake\platform\;CMake Files\..\..\..\..\opt\ros\indigo\share\catkin\cmake\test\;CMake Files\..\..\..\..\opt\ros\indigo\share\catkin\cmake\tools\;CMake Files\..\..\..\..\opt\ros\indigo\share\catkin\cmake\..\;CMake Files\..\..\..\..\opt\ros\indigo\share\catkin\cmake\templates\;CMake Files\..\..\..\..\opt\ros\indigo\share\catkin\cmake\em\;CMake Files\..\..\..\..\opt\ros\indigo\share\roscpp\;CMake Files\..\..\..\..\opt\ros\indigo\share\roscpp\cmake\;CMake Files\..\..\..\..\opt\ros\indigo\share\cpp_common\;CMake Files\..\..\..\..\opt\ros\indigo\share\cpp_common\cmake\;CMake Files\..\..\..\..\opt\ros\indigo\share\message_runtime\;CMake Files\..\..\..\..\opt\ros\indigo\share\message_runtime\cmake\;CMake Files\..\..\..\..\opt\ros\indigo\share\roscpp_serialization\;CMake Files\..\..\..\..\opt\ros\indigo\share\roscpp_serialization\cmake\;CMake Files\..\..\..\..\opt\ros\indigo\share\roscpp_traits\;CMake Files\..\..\..\..\opt\ros\indigo\share\roscpp_traits\cmake\;CMake Files\..\..\..\..\opt\ros\indigo\share\rostime\;CMake Files\..\..\..\..\opt\ros\indigo\share\rostime\cmake\;CMake Files\..\..\..\..\opt\ros\indigo\share\rosconsole\;CMake Files\..\..\..\..\opt\ros\indigo\share\rosconsole\cmake\;CMake Files\..\..\..\..\opt\ros\indigo\share\rosgraph_msgs\;CMake Files\..\..\..\..\opt\ros\indigo\share\rosgraph_msgs\cmake\;CMake Files\..\..\..\..\opt\ros\indigo\share\std_msgs\;CMake Files\..\..\..\..\opt\ros\indigo\share\std_msgs\cmake\;CMake Files\..\..\..\..\opt\ros\indigo\share\xmlrpcpp\;CMake Files\..\..\..\..\opt\ros\indigo\share\xmlrpcpp\cmake\;CMake Files\..\..\..\..\opt\ros\indigo\share\rospy\;CMake Files\..\..\..\..\opt\ros\indigo\share\rospy\cmake\;CMake Files\..\..\..\..\opt\ros\indigo\share\message_generation\;CMake Files\..\..\..\..\opt\ros\indigo\share\message_generation\cmake\;CMake Files\..\..\..\..\opt\ros\indigo\share\gencpp\;CMake Files\..\..\..\..\opt\ros\indigo\share\gencpp\cmake\;CMake Files\..\..\..\..\opt\ros\indigo\share\genmsg\;CMake Files\..\..\..\..\opt\ros\indigo\share\genmsg\cmake\;CMake Files\..\..\..\..\opt\ros\indigo\share\genlisp\;CMake Files\..\..\..\..\opt\ros\indigo\share\genlisp\cmake\;CMake Files\..\..\..\..\opt\ros\indigo\share\genpy\;CMake Files\..\..\..\..\opt\ros\indigo\share\genpy\cmake\;CMake Files\..\build-src-Desktop-Default\;CMake Files\..\build-src-Desktop-Default\catkin\;CMake Files\..\build-src-Desktop-Default\catkin\catkin_generated\;CMake Files\..\build-src-Desktop-Default\catkin\catkin_generated\version\;CMake Files\..\build-src-Desktop-Default\catkin_generated\;CMake Files\..\build-src-Desktop-Default\devel\;CMake Files\..\build-src-Desktop-Default\devel\share\;CMake Files\..\build-src-Desktop-Default\devel\share\roboy_control\;CMake Files\..\build-src-Desktop-Default\devel\share\roboy_control\cmake\;CMake Files\..\build-src-Desktop-Default\roboy_control\;CMake Files\..\build-src-Desktop-Default\roboy_control\cmake\;CMake Files\..\build-src-Desktop-Default\roboy_control\catkin_generated\;CMake Files\roboy_control\;CMake Files\roboy_control\src\;CMake Files\roboy_control\src\view\;CMake Files\roboy_control\src\view\PlayerView\;CMake Files\roboy_control\src\model\;CMake Files\roboy_control\src\transceiver\;CMake Files\roboy_control\src\controller\;CMake Files\roboy_control\src\interfaces\;" />
      <Build>
      <Target title="all">
         <Option working_dir="/home/matthias/roboycontrol/build-src-Desktop-Default" />
         <Option type="4" />
         <MakeCommands>
            <Build command="/usr/bin/make -f &quot;/home/matthias/roboycontrol/build-src-Desktop-Default/Makefile&quot;  VERBOSE=1 all" />
            <CompileFile command="/usr/bin/make -f &quot;/home/matthias/roboycontrol/build-src-Desktop-Default/Makefile&quot;  VERBOSE=1 &quot;$file&quot;" />
            <Clean command="/usr/bin/make -f &quot;/home/matthias/roboycontrol/build-src-Desktop-Default/Makefile&quot;  VERBOSE=1 clean" />
            <DistClean command="/usr/bin/make -f &quot;/home/matthias/roboycontrol/build-src-Desktop-Default/Makefile&quot;  VERBOSE=1 clean" />
         </MakeCommands>
      </Target>
      <Target title="clean_test_results">
         <Option working_dir="/home/matthias/roboycontrol/build-src-Desktop-Default" />
         <Option type="4" />
         <MakeCommands>
            <Build command="/usr/bin/make -f &quot;/home/matthias/roboycontrol/build-src-Desktop-Default/Makefile&quot;  VERBOSE=1 clean_test_results" />
            <CompileFile command="/usr/bin/make -f &quot;/home/matthias/roboycontrol/build-src-Desktop-Default/Makefile&quot;  VERBOSE=1 &quot;$file&quot;" />
            <Clean command="/usr/bin/make -f &quot;/home/matthias/roboycontrol/build-src-Desktop-Default/Makefile&quot;  VERBOSE=1 clean" />
            <DistClean command="/usr/bin/make -f &quot;/home/matthias/roboycontrol/build-src-Desktop-Default/Makefile&quot;  VERBOSE=1 clean" />
         </MakeCommands>
      </Target>
      <Target title="download_extra_data">
         <Option working_dir="/home/matthias/roboycontrol/build-src-Desktop-Default" />
         <Option type="4" />
         <MakeCommands>
            <Build command="/usr/bin/make -f &quot;/home/matthias/roboycontrol/build-src-Desktop-Default/Makefile&quot;  VERBOSE=1 download_extra_data" />
            <CompileFile command="/usr/bin/make -f &quot;/home/matthias/roboycontrol/build-src-Desktop-Default/Makefile&quot;  VERBOSE=1 &quot;$file&quot;" />
            <Clean command="/usr/bin/make -f &quot;/home/matthias/roboycontrol/build-src-Desktop-Default/Makefile&quot;  VERBOSE=1 clean" />
            <DistClean command="/usr/bin/make -f &quot;/home/matthias/roboycontrol/build-src-Desktop-Default/Makefile&quot;  VERBOSE=1 clean" />
         </MakeCommands>
      </Target>
      <Target title="doxygen">
         <Option working_dir="/home/matthias/roboycontrol/build-src-Desktop-Default" />
         <Option type="4" />
         <MakeCommands>
            <Build command="/usr/bin/make -f &quot;/home/matthias/roboycontrol/build-src-Desktop-Default/Makefile&quot;  VERBOSE=1 doxygen" />
            <CompileFile command="/usr/bin/make -f &quot;/home/matthias/roboycontrol/build-src-Desktop-Default/Makefile&quot;  VERBOSE=1 &quot;$file&quot;" />
            <Clean command="/usr/bin/make -f &quot;/home/matthias/roboycontrol/build-src-Desktop-Default/Makefile&quot;  VERBOSE=1 clean" />
            <DistClean command="/usr/bin/make -f &quot;/home/matthias/roboycontrol/build-src-Desktop-Default/Makefile&quot;  VERBOSE=1 clean" />
         </MakeCommands>
      </Target>
      <Target title="install">
         <Option working_dir="/home/matthias/roboycontrol/build-src-Desktop-Default" />
         <Option type="4" />
         <MakeCommands>
            <Build command="/usr/bin/make -f &quot;/home/matthias/roboycontrol/build-src-Desktop-Default/Makefile&quot;  VERBOSE=1 install" />
            <CompileFile command="/usr/bin/make -f &quot;/home/matthias/roboycontrol/build-src-Desktop-Default/Makefile&quot;  VERBOSE=1 &quot;$file&quot;" />
            <Clean command="/usr/bin/make -f &quot;/home/matthias/roboycontrol/build-src-Desktop-Default/Makefile&quot;  VERBOSE=1 clean" />
            <DistClean command="/usr/bin/make -f &quot;/home/matthias/roboycontrol/build-src-Desktop-Default/Makefile&quot;  VERBOSE=1 clean" />
         </MakeCommands>
      </Target>
      <Target title="install/local">
         <Option working_dir="/home/matthias/roboycontrol/build-src-Desktop-Default" />
         <Option type="4" />
         <MakeCommands>
            <Build command="/usr/bin/make -f &quot;/home/matthias/roboycontrol/build-src-Desktop-Default/Makefile&quot;  VERBOSE=1 install/local" />
            <CompileFile command="/usr/bin/make -f &quot;/home/matthias/roboycontrol/build-src-Desktop-Default/Makefile&quot;  VERBOSE=1 &quot;$file&quot;" />
            <Clean command="/usr/bin/make -f &quot;/home/matthias/roboycontrol/build-src-Desktop-Default/Makefile&quot;  VERBOSE=1 clean" />
            <DistClean command="/usr/bin/make -f &quot;/home/matthias/roboycontrol/build-src-Desktop-Default/Makefile&quot;  VERBOSE=1 clean" />
         </MakeCommands>
      </Target>
      <Target title="install/strip">
         <Option working_dir="/home/matthias/roboycontrol/build-src-Desktop-Default" />
         <Option type="4" />
         <MakeCommands>
            <Build command="/usr/bin/make -f &quot;/home/matthias/roboycontrol/build-src-Desktop-Default/Makefile&quot;  VERBOSE=1 install/strip" />
            <CompileFile command="/usr/bin/make -f &quot;/home/matthias/roboycontrol/build-src-Desktop-Default/Makefile&quot;  VERBOSE=1 &quot;$file&quot;" />
            <Clean command="/usr/bin/make -f &quot;/home/matthias/roboycontrol/build-src-Desktop-Default/Makefile&quot;  VERBOSE=1 clean" />
            <DistClean command="/usr/bin/make -f &quot;/home/matthias/roboycontrol/build-src-Desktop-Default/Makefile&quot;  VERBOSE=1 clean" />
         </MakeCommands>
      </Target>
      <Target title="list_install_components">
         <Option working_dir="/home/matthias/roboycontrol/build-src-Desktop-Default" />
         <Option type="4" />
         <MakeCommands>
            <Build command="/usr/bin/make -f &quot;/home/matthias/roboycontrol/build-src-Desktop-Default/Makefile&quot;  VERBOSE=1 list_install_components" />
            <CompileFile command="/usr/bin/make -f &quot;/home/matthias/roboycontrol/build-src-Desktop-Default/Makefile&quot;  VERBOSE=1 &quot;$file&quot;" />
            <Clean command="/usr/bin/make -f &quot;/home/matthias/roboycontrol/build-src-Desktop-Default/Makefile&quot;  VERBOSE=1 clean" />
            <DistClean command="/usr/bin/make -f &quot;/home/matthias/roboycontrol/build-src-Desktop-Default/Makefile&quot;  VERBOSE=1 clean" />
         </MakeCommands>
      </Target>
      <Target title="rebuild_cache">
         <Option working_dir="/home/matthias/roboycontrol/build-src-Desktop-Default" />
         <Option type="4" />
         <MakeCommands>
            <Build command="/usr/bin/make -f &quot;/home/matthias/roboycontrol/build-src-Desktop-Default/Makefile&quot;  VERBOSE=1 rebuild_cache" />
            <CompileFile command="/usr/bin/make -f &quot;/home/matthias/roboycontrol/build-src-Desktop-Default/Makefile&quot;  VERBOSE=1 &quot;$file&quot;" />
            <Clean command="/usr/bin/make -f &quot;/home/matthias/roboycontrol/build-src-Desktop-Default/Makefile&quot;  VERBOSE=1 clean" />
            <DistClean command="/usr/bin/make -f &quot;/home/matthias/roboycontrol/build-src-Desktop-Default/Makefile&quot;  VERBOSE=1 clean" />
         </MakeCommands>
      </Target>
      <Target title="run_tests">
         <Option working_dir="/home/matthias/roboycontrol/build-src-Desktop-Default" />
         <Option type="4" />
         <MakeCommands>
            <Build command="/usr/bin/make -f &quot;/home/matthias/roboycontrol/build-src-Desktop-Default/Makefile&quot;  VERBOSE=1 run_tests" />
            <CompileFile command="/usr/bin/make -f &quot;/home/matthias/roboycontrol/build-src-Desktop-Default/Makefile&quot;  VERBOSE=1 &quot;$file&quot;" />
            <Clean command="/usr/bin/make -f &quot;/home/matthias/roboycontrol/build-src-Desktop-Default/Makefile&quot;  VERBOSE=1 clean" />
            <DistClean command="/usr/bin/make -f &quot;/home/matthias/roboycontrol/build-src-Desktop-Default/Makefile&quot;  VERBOSE=1 clean" />
         </MakeCommands>
      </Target>
      <Target title="test">
         <Option working_dir="/home/matthias/roboycontrol/build-src-Desktop-Default" />
         <Option type="4" />
         <MakeCommands>
            <Build command="/usr/bin/make -f &quot;/home/matthias/roboycontrol/build-src-Desktop-Default/Makefile&quot;  VERBOSE=1 test" />
            <CompileFile command="/usr/bin/make -f &quot;/home/matthias/roboycontrol/build-src-Desktop-Default/Makefile&quot;  VERBOSE=1 &quot;$file&quot;" />
            <Clean command="/usr/bin/make -f &quot;/home/matthias/roboycontrol/build-src-Desktop-Default/Makefile&quot;  VERBOSE=1 clean" />
            <DistClean command="/usr/bin/make -f &quot;/home/matthias/roboycontrol/build-src-Desktop-Default/Makefile&quot;  VERBOSE=1 clean" />
         </MakeCommands>
      </Target>
      <Target title="tests">
         <Option working_dir="/home/matthias/roboycontrol/build-src-Desktop-Default" />
         <Option type="4" />
         <MakeCommands>
            <Build command="/usr/bin/make -f &quot;/home/matthias/roboycontrol/build-src-Desktop-Default/Makefile&quot;  VERBOSE=1 tests" />
            <CompileFile command="/usr/bin/make -f &quot;/home/matthias/roboycontrol/build-src-Desktop-Default/Makefile&quot;  VERBOSE=1 &quot;$file&quot;" />
            <Clean command="/usr/bin/make -f &quot;/home/matthias/roboycontrol/build-src-Desktop-Default/Makefile&quot;  VERBOSE=1 clean" />
            <DistClean command="/usr/bin/make -f &quot;/home/matthias/roboycontrol/build-src-Desktop-Default/Makefile&quot;  VERBOSE=1 clean" />
         </MakeCommands>
      </Target>
      <Target title="gtest">
         <Option output="/home/matthias/roboycontrol/build-src-Desktop-Default/gtest/libgtest.so" prefix_auto="0" extension_auto="0" />
         <Option working_dir="/home/matthias/roboycontrol/build-src-Desktop-Default/gtest" />
         <Option object_output="./" />
         <Option type="3" />
         <Option compiler="gcc" />
         <Compiler>
            <Add option="-DGTEST_CREATE_SHARED_LIBRARY=1" />
            <Add directory="/opt/ros/indigo/include" />
            <Add directory="/usr/include" />
            <Add directory="/usr/include/c++/4.8" />
            <Add directory="/usr/include/c++/4.8/backward" />
            <Add directory="/usr/include/x86_64-linux-gnu" />
            <Add directory="/usr/include/x86_64-linux-gnu/c++/4.8" />
            <Add directory="/usr/lib/gcc/x86_64-linux-gnu/4.8/include" />
            <Add directory="/usr/lib/gcc/x86_64-linux-gnu/4.8/include-fixed" />
            <Add directory="/usr/local/include" />
            <Add directory="/usr/src/gtest" />
            <Add directory="/usr/src/gtest/include" />
         </Compiler>
         <MakeCommands>
            <Build command="/usr/bin/make -f &quot;/home/matthias/roboycontrol/build-src-Desktop-Default/gtest/Makefile&quot;  VERBOSE=1 gtest" />
            <CompileFile command="/usr/bin/make -f &quot;/home/matthias/roboycontrol/build-src-Desktop-Default/gtest/Makefile&quot;  VERBOSE=1 &quot;$file&quot;" />
            <Clean command="/usr/bin/make -f &quot;/home/matthias/roboycontrol/build-src-Desktop-Default/gtest/Makefile&quot;  VERBOSE=1 clean" />
            <DistClean command="/usr/bin/make -f &quot;/home/matthias/roboycontrol/build-src-Desktop-Default/gtest/Makefile&quot;  VERBOSE=1 clean" />
         </MakeCommands>
      </Target>
      <Target title="gtest/fast">
         <Option output="/home/matthias/roboycontrol/build-src-Desktop-Default/gtest/libgtest.so" prefix_auto="0" extension_auto="0" />
         <Option working_dir="/home/matthias/roboycontrol/build-src-Desktop-Default/gtest" />
         <Option object_output="./" />
         <Option type="3" />
         <Option compiler="gcc" />
         <Compiler>
            <Add option="-DGTEST_CREATE_SHARED_LIBRARY=1" />
            <Add directory="/opt/ros/indigo/include" />
            <Add directory="/usr/include" />
            <Add directory="/usr/include/c++/4.8" />
            <Add directory="/usr/include/c++/4.8/backward" />
            <Add directory="/usr/include/x86_64-linux-gnu" />
            <Add directory="/usr/include/x86_64-linux-gnu/c++/4.8" />
            <Add directory="/usr/lib/gcc/x86_64-linux-gnu/4.8/include" />
            <Add directory="/usr/lib/gcc/x86_64-linux-gnu/4.8/include-fixed" />
            <Add directory="/usr/local/include" />
            <Add directory="/usr/src/gtest" />
            <Add directory="/usr/src/gtest/include" />
         </Compiler>
         <MakeCommands>
            <Build command="/usr/bin/make -f &quot;/home/matthias/roboycontrol/build-src-Desktop-Default/gtest/Makefile&quot;  VERBOSE=1 gtest/fast" />
            <CompileFile command="/usr/bin/make -f &quot;/home/matthias/roboycontrol/build-src-Desktop-Default/gtest/Makefile&quot;  VERBOSE=1 &quot;$file&quot;" />
            <Clean command="/usr/bin/make -f &quot;/home/matthias/roboycontrol/build-src-Desktop-Default/gtest/Makefile&quot;  VERBOSE=1 clean" />
            <DistClean command="/usr/bin/make -f &quot;/home/matthias/roboycontrol/build-src-Desktop-Default/gtest/Makefile&quot;  VERBOSE=1 clean" />
         </MakeCommands>
      </Target>
      <Target title="gtest_main">
         <Option output="/home/matthias/roboycontrol/build-src-Desktop-Default/gtest/libgtest_main.so" prefix_auto="0" extension_auto="0" />
         <Option working_dir="/home/matthias/roboycontrol/build-src-Desktop-Default/gtest" />
         <Option object_output="./" />
         <Option type="3" />
         <Option compiler="gcc" />
         <Compiler>
            <Add option="-DGTEST_CREATE_SHARED_LIBRARY=1" />
            <Add directory="/opt/ros/indigo/include" />
            <Add directory="/usr/include" />
            <Add directory="/usr/include/c++/4.8" />
            <Add directory="/usr/include/c++/4.8/backward" />
            <Add directory="/usr/include/x86_64-linux-gnu" />
            <Add directory="/usr/include/x86_64-linux-gnu/c++/4.8" />
            <Add directory="/usr/lib/gcc/x86_64-linux-gnu/4.8/include" />
            <Add directory="/usr/lib/gcc/x86_64-linux-gnu/4.8/include-fixed" />
            <Add directory="/usr/local/include" />
            <Add directory="/usr/src/gtest" />
            <Add directory="/usr/src/gtest/include" />
         </Compiler>
         <MakeCommands>
            <Build command="/usr/bin/make -f &quot;/home/matthias/roboycontrol/build-src-Desktop-Default/gtest/Makefile&quot;  VERBOSE=1 gtest_main" />
            <CompileFile command="/usr/bin/make -f &quot;/home/matthias/roboycontrol/build-src-Desktop-Default/gtest/Makefile&quot;  VERBOSE=1 &quot;$file&quot;" />
            <Clean command="/usr/bin/make -f &quot;/home/matthias/roboycontrol/build-src-Desktop-Default/gtest/Makefile&quot;  VERBOSE=1 clean" />
            <DistClean command="/usr/bin/make -f &quot;/home/matthias/roboycontrol/build-src-Desktop-Default/gtest/Makefile&quot;  VERBOSE=1 clean" />
         </MakeCommands>
      </Target>
      <Target title="gtest_main/fast">
         <Option output="/home/matthias/roboycontrol/build-src-Desktop-Default/gtest/libgtest_main.so" prefix_auto="0" extension_auto="0" />
         <Option working_dir="/home/matthias/roboycontrol/build-src-Desktop-Default/gtest" />
         <Option object_output="./" />
         <Option type="3" />
         <Option compiler="gcc" />
         <Compiler>
            <Add option="-DGTEST_CREATE_SHARED_LIBRARY=1" />
            <Add directory="/opt/ros/indigo/include" />
            <Add directory="/usr/include" />
            <Add directory="/usr/include/c++/4.8" />
            <Add directory="/usr/include/c++/4.8/backward" />
            <Add directory="/usr/include/x86_64-linux-gnu" />
            <Add directory="/usr/include/x86_64-linux-gnu/c++/4.8" />
            <Add directory="/usr/lib/gcc/x86_64-linux-gnu/4.8/include" />
            <Add directory="/usr/lib/gcc/x86_64-linux-gnu/4.8/include-fixed" />
            <Add directory="/usr/local/include" />
            <Add directory="/usr/src/gtest" />
            <Add directory="/usr/src/gtest/include" />
         </Compiler>
         <MakeCommands>
            <Build command="/usr/bin/make -f &quot;/home/matthias/roboycontrol/build-src-Desktop-Default/gtest/Makefile&quot;  VERBOSE=1 gtest_main/fast" />
            <CompileFile command="/usr/bin/make -f &quot;/home/matthias/roboycontrol/build-src-Desktop-Default/gtest/Makefile&quot;  VERBOSE=1 &quot;$file&quot;" />
            <Clean command="/usr/bin/make -f &quot;/home/matthias/roboycontrol/build-src-Desktop-Default/gtest/Makefile&quot;  VERBOSE=1 clean" />
            <DistClean command="/usr/bin/make -f &quot;/home/matthias/roboycontrol/build-src-Desktop-Default/gtest/Makefile&quot;  VERBOSE=1 clean" />
         </MakeCommands>
      </Target>
      <Target title="_roboy_control_generate_messages_check_deps_InitializeRequest">
         <Option working_dir="/home/matthias/roboycontrol/build-src-Desktop-Default/roboy_control" />
         <Option type="4" />
         <MakeCommands>
            <Build command="/usr/bin/make -f &quot;/home/matthias/roboycontrol/build-src-Desktop-Default/roboy_control/Makefile&quot;  VERBOSE=1 _roboy_control_generate_messages_check_deps_InitializeRequest" />
            <CompileFile command="/usr/bin/make -f &quot;/home/matthias/roboycontrol/build-src-Desktop-Default/roboy_control/Makefile&quot;  VERBOSE=1 &quot;$file&quot;" />
            <Clean command="/usr/bin/make -f &quot;/home/matthias/roboycontrol/build-src-Desktop-Default/roboy_control/Makefile&quot;  VERBOSE=1 clean" />
            <DistClean command="/usr/bin/make -f &quot;/home/matthias/roboycontrol/build-src-Desktop-Default/roboy_control/Makefile&quot;  VERBOSE=1 clean" />
         </MakeCommands>
      </Target>
      <Target title="_roboy_control_generate_messages_check_deps_InitializeResponse">
         <Option working_dir="/home/matthias/roboycontrol/build-src-Desktop-Default/roboy_control" />
         <Option type="4" />
         <MakeCommands>
            <Build command="/usr/bin/make -f &quot;/home/matthias/roboycontrol/build-src-Desktop-Default/roboy_control/Makefile&quot;  VERBOSE=1 _roboy_control_generate_messages_check_deps_InitializeResponse" />
            <CompileFile command="/usr/bin/make -f &quot;/home/matthias/roboycontrol/build-src-Desktop-Default/roboy_control/Makefile&quot;  VERBOSE=1 &quot;$file&quot;" />
            <Clean command="/usr/bin/make -f &quot;/home/matthias/roboycontrol/build-src-Desktop-Default/roboy_control/Makefile&quot;  VERBOSE=1 clean" />
            <DistClean command="/usr/bin/make -f &quot;/home/matthias/roboycontrol/build-src-Desktop-Default/roboy_control/Makefile&quot;  VERBOSE=1 clean" />
         </MakeCommands>
      </Target>
      <Target title="_roboy_control_generate_messages_check_deps_Status">
         <Option working_dir="/home/matthias/roboycontrol/build-src-Desktop-Default/roboy_control" />
         <Option type="4" />
         <MakeCommands>
            <Build command="/usr/bin/make -f &quot;/home/matthias/roboycontrol/build-src-Desktop-Default/roboy_control/Makefile&quot;  VERBOSE=1 _roboy_control_generate_messages_check_deps_Status" />
            <CompileFile command="/usr/bin/make -f &quot;/home/matthias/roboycontrol/build-src-Desktop-Default/roboy_control/Makefile&quot;  VERBOSE=1 &quot;$file&quot;" />
            <Clean command="/usr/bin/make -f &quot;/home/matthias/roboycontrol/build-src-Desktop-Default/roboy_control/Makefile&quot;  VERBOSE=1 clean" />
            <DistClean command="/usr/bin/make -f &quot;/home/matthias/roboycontrol/build-src-Desktop-Default/roboy_control/Makefile&quot;  VERBOSE=1 clean" />
         </MakeCommands>
      </Target>
      <Target title="_roboy_control_generate_messages_check_deps_Steer">
         <Option working_dir="/home/matthias/roboycontrol/build-src-Desktop-Default/roboy_control" />
         <Option type="4" />
         <MakeCommands>
            <Build command="/usr/bin/make -f &quot;/home/matthias/roboycontrol/build-src-Desktop-Default/roboy_control/Makefile&quot;  VERBOSE=1 _roboy_control_generate_messages_check_deps_Steer" />
            <CompileFile command="/usr/bin/make -f &quot;/home/matthias/roboycontrol/build-src-Desktop-Default/roboy_control/Makefile&quot;  VERBOSE=1 &quot;$file&quot;" />
            <Clean command="/usr/bin/make -f &quot;/home/matthias/roboycontrol/build-src-Desktop-Default/roboy_control/Makefile&quot;  VERBOSE=1 clean" />
            <DistClean command="/usr/bin/make -f &quot;/home/matthias/roboycontrol/build-src-Desktop-Default/roboy_control/Makefile&quot;  VERBOSE=1 clean" />
         </MakeCommands>
      </Target>
      <Target title="_roboy_control_generate_messages_check_deps_Trajectory">
         <Option working_dir="/home/matthias/roboycontrol/build-src-Desktop-Default/roboy_control" />
         <Option type="4" />
         <MakeCommands>
            <Build command="/usr/bin/make -f &quot;/home/matthias/roboycontrol/build-src-Desktop-Default/roboy_control/Makefile&quot;  VERBOSE=1 _roboy_control_generate_messages_check_deps_Trajectory" />
            <CompileFile command="/usr/bin/make -f &quot;/home/matthias/roboycontrol/build-src-Desktop-Default/roboy_control/Makefile&quot;  VERBOSE=1 &quot;$file&quot;" />
            <Clean command="/usr/bin/make -f &quot;/home/matthias/roboycontrol/build-src-Desktop-Default/roboy_control/Makefile&quot;  VERBOSE=1 clean" />
            <DistClean command="/usr/bin/make -f &quot;/home/matthias/roboycontrol/build-src-Desktop-Default/roboy_control/Makefile&quot;  VERBOSE=1 clean" />
         </MakeCommands>
      </Target>
      <Target title="dummy_target">
         <Option working_dir="/home/matthias/roboycontrol/build-src-Desktop-Default/roboy_control" />
         <Option type="4" />
         <MakeCommands>
            <Build command="/usr/bin/make -f &quot;/home/matthias/roboycontrol/build-src-Desktop-Default/roboy_control/Makefile&quot;  VERBOSE=1 dummy_target" />
            <CompileFile command="/usr/bin/make -f &quot;/home/matthias/roboycontrol/build-src-Desktop-Default/roboy_control/Makefile&quot;  VERBOSE=1 &quot;$file&quot;" />
            <Clean command="/usr/bin/make -f &quot;/home/matthias/roboycontrol/build-src-Desktop-Default/roboy_control/Makefile&quot;  VERBOSE=1 clean" />
            <DistClean command="/usr/bin/make -f &quot;/home/matthias/roboycontrol/build-src-Desktop-Default/roboy_control/Makefile&quot;  VERBOSE=1 clean" />
         </MakeCommands>
      </Target>
      <Target title="roboy_control_gencpp">
         <Option working_dir="/home/matthias/roboycontrol/build-src-Desktop-Default/roboy_control" />
         <Option type="4" />
         <MakeCommands>
            <Build command="/usr/bin/make -f &quot;/home/matthias/roboycontrol/build-src-Desktop-Default/roboy_control/Makefile&quot;  VERBOSE=1 roboy_control_gencpp" />
            <CompileFile command="/usr/bin/make -f &quot;/home/matthias/roboycontrol/build-src-Desktop-Default/roboy_control/Makefile&quot;  VERBOSE=1 &quot;$file&quot;" />
            <Clean command="/usr/bin/make -f &quot;/home/matthias/roboycontrol/build-src-Desktop-Default/roboy_control/Makefile&quot;  VERBOSE=1 clean" />
            <DistClean command="/usr/bin/make -f &quot;/home/matthias/roboycontrol/build-src-Desktop-Default/roboy_control/Makefile&quot;  VERBOSE=1 clean" />
         </MakeCommands>
      </Target>
      <Target title="roboy_control_generate_messages">
         <Option working_dir="/home/matthias/roboycontrol/build-src-Desktop-Default/roboy_control" />
         <Option type="4" />
         <MakeCommands>
            <Build command="/usr/bin/make -f &quot;/home/matthias/roboycontrol/build-src-Desktop-Default/roboy_control/Makefile&quot;  VERBOSE=1 roboy_control_generate_messages" />
            <CompileFile command="/usr/bin/make -f &quot;/home/matthias/roboycontrol/build-src-Desktop-Default/roboy_control/Makefile&quot;  VERBOSE=1 &quot;$file&quot;" />
            <Clean command="/usr/bin/make -f &quot;/home/matthias/roboycontrol/build-src-Desktop-Default/roboy_control/Makefile&quot;  VERBOSE=1 clean" />
            <DistClean command="/usr/bin/make -f &quot;/home/matthias/roboycontrol/build-src-Desktop-Default/roboy_control/Makefile&quot;  VERBOSE=1 clean" />
         </MakeCommands>
      </Target>
      <Target title="roboy_control_generate_messages_cpp">
         <Option working_dir="/home/matthias/roboycontrol/build-src-Desktop-Default/roboy_control" />
         <Option type="4" />
         <MakeCommands>
            <Build command="/usr/bin/make -f &quot;/home/matthias/roboycontrol/build-src-Desktop-Default/roboy_control/Makefile&quot;  VERBOSE=1 roboy_control_generate_messages_cpp" />
            <CompileFile command="/usr/bin/make -f &quot;/home/matthias/roboycontrol/build-src-Desktop-Default/roboy_control/Makefile&quot;  VERBOSE=1 &quot;$file&quot;" />
            <Clean command="/usr/bin/make -f &quot;/home/matthias/roboycontrol/build-src-Desktop-Default/roboy_control/Makefile&quot;  VERBOSE=1 clean" />
            <DistClean command="/usr/bin/make -f &quot;/home/matthias/roboycontrol/build-src-Desktop-Default/roboy_control/Makefile&quot;  VERBOSE=1 clean" />
         </MakeCommands>
      </Target>
      <Target title="roboy_control_generate_messages_lisp">
         <Option working_dir="/home/matthias/roboycontrol/build-src-Desktop-Default/roboy_control" />
         <Option type="4" />
         <MakeCommands>
            <Build command="/usr/bin/make -f &quot;/home/matthias/roboycontrol/build-src-Desktop-Default/roboy_control/Makefile&quot;  VERBOSE=1 roboy_control_generate_messages_lisp" />
            <CompileFile command="/usr/bin/make -f &quot;/home/matthias/roboycontrol/build-src-Desktop-Default/roboy_control/Makefile&quot;  VERBOSE=1 &quot;$file&quot;" />
            <Clean command="/usr/bin/make -f &quot;/home/matthias/roboycontrol/build-src-Desktop-Default/roboy_control/Makefile&quot;  VERBOSE=1 clean" />
            <DistClean command="/usr/bin/make -f &quot;/home/matthias/roboycontrol/build-src-Desktop-Default/roboy_control/Makefile&quot;  VERBOSE=1 clean" />
         </MakeCommands>
      </Target>
      <Target title="roboy_control_generate_messages_py">
         <Option working_dir="/home/matthias/roboycontrol/build-src-Desktop-Default/roboy_control" />
         <Option type="4" />
         <MakeCommands>
            <Build command="/usr/bin/make -f &quot;/home/matthias/roboycontrol/build-src-Desktop-Default/roboy_control/Makefile&quot;  VERBOSE=1 roboy_control_generate_messages_py" />
            <CompileFile command="/usr/bin/make -f &quot;/home/matthias/roboycontrol/build-src-Desktop-Default/roboy_control/Makefile&quot;  VERBOSE=1 &quot;$file&quot;" />
            <Clean command="/usr/bin/make -f &quot;/home/matthias/roboycontrol/build-src-Desktop-Default/roboy_control/Makefile&quot;  VERBOSE=1 clean" />
            <DistClean command="/usr/bin/make -f &quot;/home/matthias/roboycontrol/build-src-Desktop-Default/roboy_control/Makefile&quot;  VERBOSE=1 clean" />
         </MakeCommands>
      </Target>
      <Target title="roboy_control_genlisp">
         <Option working_dir="/home/matthias/roboycontrol/build-src-Desktop-Default/roboy_control" />
         <Option type="4" />
         <MakeCommands>
            <Build command="/usr/bin/make -f &quot;/home/matthias/roboycontrol/build-src-Desktop-Default/roboy_control/Makefile&quot;  VERBOSE=1 roboy_control_genlisp" />
            <CompileFile command="/usr/bin/make -f &quot;/home/matthias/roboycontrol/build-src-Desktop-Default/roboy_control/Makefile&quot;  VERBOSE=1 &quot;$file&quot;" />
            <Clean command="/usr/bin/make -f &quot;/home/matthias/roboycontrol/build-src-Desktop-Default/roboy_control/Makefile&quot;  VERBOSE=1 clean" />
            <DistClean command="/usr/bin/make -f &quot;/home/matthias/roboycontrol/build-src-Desktop-Default/roboy_control/Makefile&quot;  VERBOSE=1 clean" />
         </MakeCommands>
      </Target>
      <Target title="roboy_control_genpy">
         <Option working_dir="/home/matthias/roboycontrol/build-src-Desktop-Default/roboy_control" />
         <Option type="4" />
         <MakeCommands>
            <Build command="/usr/bin/make -f &quot;/home/matthias/roboycontrol/build-src-Desktop-Default/roboy_control/Makefile&quot;  VERBOSE=1 roboy_control_genpy" />
            <CompileFile command="/usr/bin/make -f &quot;/home/matthias/roboycontrol/build-src-Desktop-Default/roboy_control/Makefile&quot;  VERBOSE=1 &quot;$file&quot;" />
            <Clean command="/usr/bin/make -f &quot;/home/matthias/roboycontrol/build-src-Desktop-Default/roboy_control/Makefile&quot;  VERBOSE=1 clean" />
            <DistClean command="/usr/bin/make -f &quot;/home/matthias/roboycontrol/build-src-Desktop-Default/roboy_control/Makefile&quot;  VERBOSE=1 clean" />
         </MakeCommands>
      </Target>
      <Target title="roboy_control_node">
         <Option output="/home/matthias/roboycontrol/build-src-Desktop-Default/devel/lib/roboy_control/roboy_control_node" prefix_auto="0" extension_auto="0" />
         <Option working_dir="/home/matthias/roboycontrol/build-src-Desktop-Default/devel/lib/roboy_control" />
         <Option object_output="./" />
         <Option type="1" />
         <Option compiler="gcc" />
         <Compiler>
            <Add option="-DROS_BUILD_SHARED_LIBS=1" />
            <Add option="-DROS_PACKAGE_NAME=&quot;roboy_control&quot;" />
            <Add option="-DROSCONSOLE_BACKEND_LOG4CXX" />
            <Add option="-DQT_NO_DEBUG" />
            <Add option="-DQT_GUI_LIB" />
            <Add option="-DQT_CORE_LIB" />
            <Add directory="/home/matthias/roboycontrol/build-src-Desktop-Default/devel/include" />
            <Add directory="/home/matthias/roboycontrol/build-src-Desktop-Default/roboy_control" />
            <Add directory="/home/matthias/roboycontrol/src/roboy_control/src" />
            <Add directory="/home/matthias/roboycontrol/src/roboy_control/src/controller" />
            <Add directory="/home/matthias/roboycontrol/src/roboy_control/src/interfaces" />
            <Add directory="/home/matthias/roboycontrol/src/roboy_control/src/model" />
            <Add directory="/home/matthias/roboycontrol/src/roboy_control/src/transceiver" />
            <Add directory="/home/matthias/roboycontrol/src/roboy_control/src/view" />
            <Add directory="/opt/ros/indigo/include" />
            <Add directory="/usr/include" />
            <Add directory="/usr/include/c++/4.8" />
            <Add directory="/usr/include/c++/4.8/backward" />
            <Add directory="/usr/include/qt4" />
            <Add directory="/usr/include/qt4/QtCore" />
            <Add directory="/usr/include/qt4/QtGui" />
            <Add directory="/usr/include/x86_64-linux-gnu" />
            <Add directory="/usr/include/x86_64-linux-gnu/c++/4.8" />
            <Add directory="/usr/lib/gcc/x86_64-linux-gnu/4.8/include" />
            <Add directory="/usr/lib/gcc/x86_64-linux-gnu/4.8/include-fixed" />
            <Add directory="/usr/local/include" />
         </Compiler>
         <MakeCommands>
            <Build command="/usr/bin/make -f &quot;/home/matthias/roboycontrol/build-src-Desktop-Default/roboy_control/Makefile&quot;  VERBOSE=1 roboy_control_node" />
            <CompileFile command="/usr/bin/make -f &quot;/home/matthias/roboycontrol/build-src-Desktop-Default/roboy_control/Makefile&quot;  VERBOSE=1 &quot;$file&quot;" />
            <Clean command="/usr/bin/make -f &quot;/home/matthias/roboycontrol/build-src-Desktop-Default/roboy_control/Makefile&quot;  VERBOSE=1 clean" />
            <DistClean command="/usr/bin/make -f &quot;/home/matthias/roboycontrol/build-src-Desktop-Default/roboy_control/Makefile&quot;  VERBOSE=1 clean" />
         </MakeCommands>
      </Target>
      <Target title="roboy_control_node/fast">
         <Option output="/home/matthias/roboycontrol/build-src-Desktop-Default/devel/lib/roboy_control/roboy_control_node" prefix_auto="0" extension_auto="0" />
         <Option working_dir="/home/matthias/roboycontrol/build-src-Desktop-Default/devel/lib/roboy_control" />
         <Option object_output="./" />
         <Option type="1" />
         <Option compiler="gcc" />
         <Compiler>
            <Add option="-DROS_BUILD_SHARED_LIBS=1" />
            <Add option="-DROS_PACKAGE_NAME=&quot;roboy_control&quot;" />
            <Add option="-DROSCONSOLE_BACKEND_LOG4CXX" />
            <Add option="-DQT_NO_DEBUG" />
            <Add option="-DQT_GUI_LIB" />
            <Add option="-DQT_CORE_LIB" />
            <Add directory="/home/matthias/roboycontrol/build-src-Desktop-Default/devel/include" />
            <Add directory="/home/matthias/roboycontrol/build-src-Desktop-Default/roboy_control" />
            <Add directory="/home/matthias/roboycontrol/src/roboy_control/src" />
            <Add directory="/home/matthias/roboycontrol/src/roboy_control/src/controller" />
            <Add directory="/home/matthias/roboycontrol/src/roboy_control/src/interfaces" />
            <Add directory="/home/matthias/roboycontrol/src/roboy_control/src/model" />
            <Add directory="/home/matthias/roboycontrol/src/roboy_control/src/transceiver" />
            <Add directory="/home/matthias/roboycontrol/src/roboy_control/src/view" />
            <Add directory="/opt/ros/indigo/include" />
            <Add directory="/usr/include" />
            <Add directory="/usr/include/c++/4.8" />
            <Add directory="/usr/include/c++/4.8/backward" />
            <Add directory="/usr/include/qt4" />
            <Add directory="/usr/include/qt4/QtCore" />
            <Add directory="/usr/include/qt4/QtGui" />
            <Add directory="/usr/include/x86_64-linux-gnu" />
            <Add directory="/usr/include/x86_64-linux-gnu/c++/4.8" />
            <Add directory="/usr/lib/gcc/x86_64-linux-gnu/4.8/include" />
            <Add directory="/usr/lib/gcc/x86_64-linux-gnu/4.8/include-fixed" />
            <Add directory="/usr/local/include" />
         </Compiler>
         <MakeCommands>
            <Build command="/usr/bin/make -f &quot;/home/matthias/roboycontrol/build-src-Desktop-Default/roboy_control/Makefile&quot;  VERBOSE=1 roboy_control_node/fast" />
            <CompileFile command="/usr/bin/make -f &quot;/home/matthias/roboycontrol/build-src-Desktop-Default/roboy_control/Makefile&quot;  VERBOSE=1 &quot;$file&quot;" />
            <Clean command="/usr/bin/make -f &quot;/home/matthias/roboycontrol/build-src-Desktop-Default/roboy_control/Makefile&quot;  VERBOSE=1 clean" />
            <DistClean command="/usr/bin/make -f &quot;/home/matthias/roboycontrol/build-src-Desktop-Default/roboy_control/Makefile&quot;  VERBOSE=1 clean" />
         </MakeCommands>
      </Target>
      <Target title="roboy_control_test_node">
         <Option output="/home/matthias/roboycontrol/build-src-Desktop-Default/devel/lib/roboy_control/roboy_control_test_node" prefix_auto="0" extension_auto="0" />
         <Option working_dir="/home/matthias/roboycontrol/build-src-Desktop-Default/devel/lib/roboy_control" />
         <Option object_output="./" />
         <Option type="1" />
         <Option compiler="gcc" />
         <Compiler>
            <Add option="-DROS_BUILD_SHARED_LIBS=1" />
            <Add option="-DROS_PACKAGE_NAME=&quot;roboy_control&quot;" />
            <Add option="-DROSCONSOLE_BACKEND_LOG4CXX" />
            <Add option="-DQT_NO_DEBUG" />
            <Add option="-DQT_GUI_LIB" />
            <Add option="-DQT_CORE_LIB" />
            <Add directory="/home/matthias/roboycontrol/build-src-Desktop-Default/devel/include" />
            <Add directory="/home/matthias/roboycontrol/build-src-Desktop-Default/roboy_control" />
            <Add directory="/home/matthias/roboycontrol/src/roboy_control/src" />
            <Add directory="/home/matthias/roboycontrol/src/roboy_control/src/controller" />
            <Add directory="/home/matthias/roboycontrol/src/roboy_control/src/interfaces" />
            <Add directory="/home/matthias/roboycontrol/src/roboy_control/src/model" />
            <Add directory="/home/matthias/roboycontrol/src/roboy_control/src/transceiver" />
            <Add directory="/home/matthias/roboycontrol/src/roboy_control/src/view" />
            <Add directory="/opt/ros/indigo/include" />
            <Add directory="/usr/include" />
            <Add directory="/usr/include/c++/4.8" />
            <Add directory="/usr/include/c++/4.8/backward" />
            <Add directory="/usr/include/qt4" />
            <Add directory="/usr/include/qt4/QtCore" />
            <Add directory="/usr/include/qt4/QtGui" />
            <Add directory="/usr/include/x86_64-linux-gnu" />
            <Add directory="/usr/include/x86_64-linux-gnu/c++/4.8" />
            <Add directory="/usr/lib/gcc/x86_64-linux-gnu/4.8/include" />
            <Add directory="/usr/lib/gcc/x86_64-linux-gnu/4.8/include-fixed" />
            <Add directory="/usr/local/include" />
         </Compiler>
         <MakeCommands>
            <Build command="/usr/bin/make -f &quot;/home/matthias/roboycontrol/build-src-Desktop-Default/roboy_control/Makefile&quot;  VERBOSE=1 roboy_control_test_node" />
            <CompileFile command="/usr/bin/make -f &quot;/home/matthias/roboycontrol/build-src-Desktop-Default/roboy_control/Makefile&quot;  VERBOSE=1 &quot;$file&quot;" />
            <Clean command="/usr/bin/make -f &quot;/home/matthias/roboycontrol/build-src-Desktop-Default/roboy_control/Makefile&quot;  VERBOSE=1 clean" />
            <DistClean command="/usr/bin/make -f &quot;/home/matthias/roboycontrol/build-src-Desktop-Default/roboy_control/Makefile&quot;  VERBOSE=1 clean" />
         </MakeCommands>
      </Target>
      <Target title="roboy_control_test_node/fast">
         <Option output="/home/matthias/roboycontrol/build-src-Desktop-Default/devel/lib/roboy_control/roboy_control_test_node" prefix_auto="0" extension_auto="0" />
         <Option working_dir="/home/matthias/roboycontrol/build-src-Desktop-Default/devel/lib/roboy_control" />
         <Option object_output="./" />
         <Option type="1" />
         <Option compiler="gcc" />
         <Compiler>
            <Add option="-DROS_BUILD_SHARED_LIBS=1" />
            <Add option="-DROS_PACKAGE_NAME=&quot;roboy_control&quot;" />
            <Add option="-DROSCONSOLE_BACKEND_LOG4CXX" />
            <Add option="-DQT_NO_DEBUG" />
            <Add option="-DQT_GUI_LIB" />
            <Add option="-DQT_CORE_LIB" />
            <Add directory="/home/matthias/roboycontrol/build-src-Desktop-Default/devel/include" />
            <Add directory="/home/matthias/roboycontrol/build-src-Desktop-Default/roboy_control" />
            <Add directory="/home/matthias/roboycontrol/src/roboy_control/src" />
            <Add directory="/home/matthias/roboycontrol/src/roboy_control/src/controller" />
            <Add directory="/home/matthias/roboycontrol/src/roboy_control/src/interfaces" />
            <Add directory="/home/matthias/roboycontrol/src/roboy_control/src/model" />
            <Add directory="/home/matthias/roboycontrol/src/roboy_control/src/transceiver" />
            <Add directory="/home/matthias/roboycontrol/src/roboy_control/src/view" />
            <Add directory="/opt/ros/indigo/include" />
            <Add directory="/usr/include" />
            <Add directory="/usr/include/c++/4.8" />
            <Add directory="/usr/include/c++/4.8/backward" />
            <Add directory="/usr/include/qt4" />
            <Add directory="/usr/include/qt4/QtCore" />
            <Add directory="/usr/include/qt4/QtGui" />
            <Add directory="/usr/include/x86_64-linux-gnu" />
            <Add directory="/usr/include/x86_64-linux-gnu/c++/4.8" />
            <Add directory="/usr/lib/gcc/x86_64-linux-gnu/4.8/include" />
            <Add directory="/usr/lib/gcc/x86_64-linux-gnu/4.8/include-fixed" />
            <Add directory="/usr/local/include" />
         </Compiler>
         <MakeCommands>
            <Build command="/usr/bin/make -f &quot;/home/matthias/roboycontrol/build-src-Desktop-Default/roboy_control/Makefile&quot;  VERBOSE=1 roboy_control_test_node/fast" />
            <CompileFile command="/usr/bin/make -f &quot;/home/matthias/roboycontrol/build-src-Desktop-Default/roboy_control/Makefile&quot;  VERBOSE=1 &quot;$file&quot;" />
            <Clean command="/usr/bin/make -f &quot;/home/matthias/roboycontrol/build-src-Desktop-Default/roboy_control/Makefile&quot;  VERBOSE=1 clean" />
            <DistClean command="/usr/bin/make -f &quot;/home/matthias/roboycontrol/build-src-Desktop-Default/roboy_control/Makefile&quot;  VERBOSE=1 clean" />
         </MakeCommands>
      </Target>
      <Target title="roscpp_generate_messages_cpp">
         <Option working_dir="/home/matthias/roboycontrol/build-src-Desktop-Default/roboy_control" />
         <Option type="4" />
         <MakeCommands>
            <Build command="/usr/bin/make -f &quot;/home/matthias/roboycontrol/build-src-Desktop-Default/roboy_control/Makefile&quot;  VERBOSE=1 roscpp_generate_messages_cpp" />
            <CompileFile command="/usr/bin/make -f &quot;/home/matthias/roboycontrol/build-src-Desktop-Default/roboy_control/Makefile&quot;  VERBOSE=1 &quot;$file&quot;" />
            <Clean command="/usr/bin/make -f &quot;/home/matthias/roboycontrol/build-src-Desktop-Default/roboy_control/Makefile&quot;  VERBOSE=1 clean" />
            <DistClean command="/usr/bin/make -f &quot;/home/matthias/roboycontrol/build-src-Desktop-Default/roboy_control/Makefile&quot;  VERBOSE=1 clean" />
         </MakeCommands>
      </Target>
      <Target title="roscpp_generate_messages_lisp">
         <Option working_dir="/home/matthias/roboycontrol/build-src-Desktop-Default/roboy_control" />
         <Option type="4" />
         <MakeCommands>
            <Build command="/usr/bin/make -f &quot;/home/matthias/roboycontrol/build-src-Desktop-Default/roboy_control/Makefile&quot;  VERBOSE=1 roscpp_generate_messages_lisp" />
            <CompileFile command="/usr/bin/make -f &quot;/home/matthias/roboycontrol/build-src-Desktop-Default/roboy_control/Makefile&quot;  VERBOSE=1 &quot;$file&quot;" />
            <Clean command="/usr/bin/make -f &quot;/home/matthias/roboycontrol/build-src-Desktop-Default/roboy_control/Makefile&quot;  VERBOSE=1 clean" />
            <DistClean command="/usr/bin/make -f &quot;/home/matthias/roboycontrol/build-src-Desktop-Default/roboy_control/Makefile&quot;  VERBOSE=1 clean" />
         </MakeCommands>
      </Target>
      <Target title="roscpp_generate_messages_py">
         <Option working_dir="/home/matthias/roboycontrol/build-src-Desktop-Default/roboy_control" />
         <Option type="4" />
         <MakeCommands>
            <Build command="/usr/bin/make -f &quot;/home/matthias/roboycontrol/build-src-Desktop-Default/roboy_control/Makefile&quot;  VERBOSE=1 roscpp_generate_messages_py" />
            <CompileFile command="/usr/bin/make -f &quot;/home/matthias/roboycontrol/build-src-Desktop-Default/roboy_control/Makefile&quot;  VERBOSE=1 &quot;$file&quot;" />
            <Clean command="/usr/bin/make -f &quot;/home/matthias/roboycontrol/build-src-Desktop-Default/roboy_control/Makefile&quot;  VERBOSE=1 clean" />
            <DistClean command="/usr/bin/make -f &quot;/home/matthias/roboycontrol/build-src-Desktop-Default/roboy_control/Makefile&quot;  VERBOSE=1 clean" />
         </MakeCommands>
      </Target>
      <Target title="rosgraph_msgs_generate_messages_cpp">
         <Option working_dir="/home/matthias/roboycontrol/build-src-Desktop-Default/roboy_control" />
         <Option type="4" />
         <MakeCommands>
            <Build command="/usr/bin/make -f &quot;/home/matthias/roboycontrol/build-src-Desktop-Default/roboy_control/Makefile&quot;  VERBOSE=1 rosgraph_msgs_generate_messages_cpp" />
            <CompileFile command="/usr/bin/make -f &quot;/home/matthias/roboycontrol/build-src-Desktop-Default/roboy_control/Makefile&quot;  VERBOSE=1 &quot;$file&quot;" />
            <Clean command="/usr/bin/make -f &quot;/home/matthias/roboycontrol/build-src-Desktop-Default/roboy_control/Makefile&quot;  VERBOSE=1 clean" />
            <DistClean command="/usr/bin/make -f &quot;/home/matthias/roboycontrol/build-src-Desktop-Default/roboy_control/Makefile&quot;  VERBOSE=1 clean" />
         </MakeCommands>
      </Target>
      <Target title="rosgraph_msgs_generate_messages_lisp">
         <Option working_dir="/home/matthias/roboycontrol/build-src-Desktop-Default/roboy_control" />
         <Option type="4" />
         <MakeCommands>
            <Build command="/usr/bin/make -f &quot;/home/matthias/roboycontrol/build-src-Desktop-Default/roboy_control/Makefile&quot;  VERBOSE=1 rosgraph_msgs_generate_messages_lisp" />
            <CompileFile command="/usr/bin/make -f &quot;/home/matthias/roboycontrol/build-src-Desktop-Default/roboy_control/Makefile&quot;  VERBOSE=1 &quot;$file&quot;" />
            <Clean command="/usr/bin/make -f &quot;/home/matthias/roboycontrol/build-src-Desktop-Default/roboy_control/Makefile&quot;  VERBOSE=1 clean" />
            <DistClean command="/usr/bin/make -f &quot;/home/matthias/roboycontrol/build-src-Desktop-Default/roboy_control/Makefile&quot;  VERBOSE=1 clean" />
         </MakeCommands>
      </Target>
      <Target title="rosgraph_msgs_generate_messages_py">
         <Option working_dir="/home/matthias/roboycontrol/build-src-Desktop-Default/roboy_control" />
         <Option type="4" />
         <MakeCommands>
            <Build command="/usr/bin/make -f &quot;/home/matthias/roboycontrol/build-src-Desktop-Default/roboy_control/Makefile&quot;  VERBOSE=1 rosgraph_msgs_generate_messages_py" />
            <CompileFile command="/usr/bin/make -f &quot;/home/matthias/roboycontrol/build-src-Desktop-Default/roboy_control/Makefile&quot;  VERBOSE=1 &quot;$file&quot;" />
            <Clean command="/usr/bin/make -f &quot;/home/matthias/roboycontrol/build-src-Desktop-Default/roboy_control/Makefile&quot;  VERBOSE=1 clean" />
            <DistClean command="/usr/bin/make -f &quot;/home/matthias/roboycontrol/build-src-Desktop-Default/roboy_control/Makefile&quot;  VERBOSE=1 clean" />
         </MakeCommands>
      </Target>
      <Target title="std_msgs_generate_messages_cpp">
         <Option working_dir="/home/matthias/roboycontrol/build-src-Desktop-Default/roboy_control" />
         <Option type="4" />
         <MakeCommands>
            <Build command="/usr/bin/make -f &quot;/home/matthias/roboycontrol/build-src-Desktop-Default/roboy_control/Makefile&quot;  VERBOSE=1 std_msgs_generate_messages_cpp" />
            <CompileFile command="/usr/bin/make -f &quot;/home/matthias/roboycontrol/build-src-Desktop-Default/roboy_control/Makefile&quot;  VERBOSE=1 &quot;$file&quot;" />
            <Clean command="/usr/bin/make -f &quot;/home/matthias/roboycontrol/build-src-Desktop-Default/roboy_control/Makefile&quot;  VERBOSE=1 clean" />
            <DistClean command="/usr/bin/make -f &quot;/home/matthias/roboycontrol/build-src-Desktop-Default/roboy_control/Makefile&quot;  VERBOSE=1 clean" />
         </MakeCommands>
      </Target>
      <Target title="std_msgs_generate_messages_lisp">
         <Option working_dir="/home/matthias/roboycontrol/build-src-Desktop-Default/roboy_control" />
         <Option type="4" />
         <MakeCommands>
            <Build command="/usr/bin/make -f &quot;/home/matthias/roboycontrol/build-src-Desktop-Default/roboy_control/Makefile&quot;  VERBOSE=1 std_msgs_generate_messages_lisp" />
            <CompileFile command="/usr/bin/make -f &quot;/home/matthias/roboycontrol/build-src-Desktop-Default/roboy_control/Makefile&quot;  VERBOSE=1 &quot;$file&quot;" />
            <Clean command="/usr/bin/make -f &quot;/home/matthias/roboycontrol/build-src-Desktop-Default/roboy_control/Makefile&quot;  VERBOSE=1 clean" />
            <DistClean command="/usr/bin/make -f &quot;/home/matthias/roboycontrol/build-src-Desktop-Default/roboy_control/Makefile&quot;  VERBOSE=1 clean" />
         </MakeCommands>
      </Target>
      <Target title="std_msgs_generate_messages_py">
         <Option working_dir="/home/matthias/roboycontrol/build-src-Desktop-Default/roboy_control" />
         <Option type="4" />
         <MakeCommands>
            <Build command="/usr/bin/make -f &quot;/home/matthias/roboycontrol/build-src-Desktop-Default/roboy_control/Makefile&quot;  VERBOSE=1 std_msgs_generate_messages_py" />
            <CompileFile command="/usr/bin/make -f &quot;/home/matthias/roboycontrol/build-src-Desktop-Default/roboy_control/Makefile&quot;  VERBOSE=1 &quot;$file&quot;" />
            <Clean command="/usr/bin/make -f &quot;/home/matthias/roboycontrol/build-src-Desktop-Default/roboy_control/Makefile&quot;  VERBOSE=1 clean" />
            <DistClean command="/usr/bin/make -f &quot;/home/matthias/roboycontrol/build-src-Desktop-Default/roboy_control/Makefile&quot;  VERBOSE=1 clean" />
         </MakeCommands>
      </Target>
      </Build>
      <Unit filename="/home/matthias/roboycontrol/src/roboy_control/src/Main.cpp">
      </Unit>
      <Unit filename="/home/matthias/roboycontrol/src/roboy_control/src/controller/RoboyControlConfiguration.cpp">
      </Unit>
      <Unit filename="/home/matthias/roboycontrol/src/roboy_control/src/controller/RoboyController.cpp">
      </Unit>
      <Unit filename="/home/matthias/roboycontrol/src/roboy_control/src/model/RoboyBehaviorXmlParser.cpp">
      </Unit>
      <Unit filename="/home/matthias/roboycontrol/src/roboy_control/src/model/XmlModelService.cpp">
      </Unit>
      <Unit filename="/home/matthias/roboycontrol/src/roboy_control/src/testnode/TestNode.cpp">
      </Unit>
      <Unit filename="/home/matthias/roboycontrol/src/roboy_control/src/transceiver/ROSMessageTransceiverService.cpp">
      </Unit>
      <Unit filename="/home/matthias/roboycontrol/src/roboy_control/src/view/EditorView/EditorView.cpp">
      </Unit>
      <Unit filename="/home/matthias/roboycontrol/src/roboy_control/src/view/MainWindow/MainWindow.cpp">
      </Unit>
      <Unit filename="/home/matthias/roboycontrol/src/roboy_control/src/view/PlayerView/BehaviorListModel.cpp">
      </Unit>
      <Unit filename="/home/matthias/roboycontrol/src/roboy_control/src/view/PlayerView/MultiLaneView/MultiLaneView.cpp">
      </Unit>
      <Unit filename="/home/matthias/roboycontrol/src/roboy_control/src/view/PlayerView/MultiLaneView/MultiLaneViewItem.cpp">
      </Unit>
      <Unit filename="/home/matthias/roboycontrol/src/roboy_control/src/view/PlayerView/MultiLaneView/MultiLaneViewLane.cpp">
      </Unit>
      <Unit filename="/home/matthias/roboycontrol/src/roboy_control/src/view/PlayerView/MultiLaneView/RoboyMultiLaneModel.cpp">
      </Unit>
      <Unit filename="/home/matthias/roboycontrol/src/roboy_control/src/view/PlayerView/PlayerView.cpp">
      </Unit>
      <Unit filename="/home/matthias/roboycontrol/src/roboy_control/src/view/RecorderView/RecorderView.cpp">
      </Unit>
      <Unit filename="/home/matthias/roboycontrol/src/roboy_control/src/view/ViewController.cpp">
      </Unit>
      <Unit filename="/usr/src/gtest/src/gtest-all.cc">
      </Unit>
      <Unit filename="/usr/src/gtest/src/gtest_main.cc">
      </Unit>
      <Unit filename="/home/matthias/roboycontrol/src/roboy_control/etc/RoboyControlConfig.xml">
      </Unit>
      <Unit filename="/home/matthias/roboycontrol/src/roboy_control/msg/InitializeRequest.msg">
      </Unit>
      <Unit filename="/home/matthias/roboycontrol/src/roboy_control/msg/InitializeResponse.msg">
      </Unit>
      <Unit filename="/home/matthias/roboycontrol/src/roboy_control/msg/Status.msg">
      </Unit>
      <Unit filename="/home/matthias/roboycontrol/src/roboy_control/msg/Steer.msg">
      </Unit>
      <Unit filename="/home/matthias/roboycontrol/src/roboy_control/msg/Trajectory.msg">
      </Unit>
      <Unit filename="/home/matthias/roboycontrol/src/roboy_control/src/DataTypes.h">
      </Unit>
      <Unit filename="/home/matthias/roboycontrol/src/roboy_control/src/LogDefines.h">
      </Unit>
      <Unit filename="/home/matthias/roboycontrol/src/roboy_control/src/controller/RoboyControlConfiguration.h">
      </Unit>
      <Unit filename="/home/matthias/roboycontrol/src/roboy_control/src/controller/RoboyController.h">
      </Unit>
      <Unit filename="/home/matthias/roboycontrol/src/roboy_control/src/interfaces/IObservable.h">
      </Unit>
      <Unit filename="/home/matthias/roboycontrol/src/roboy_control/src/interfaces/IObserver.h">
      </Unit>
      <Unit filename="/home/matthias/roboycontrol/src/roboy_control/src/model/IModelService.h">
      </Unit>
      <Unit filename="/home/matthias/roboycontrol/src/roboy_control/src/model/RoboyBehaviorXmlParser.h">
      </Unit>
      <Unit filename="/home/matthias/roboycontrol/src/roboy_control/src/model/XmlModelService.h">
      </Unit>
      <Unit filename="/home/matthias/roboycontrol/src/roboy_control/src/transceiver/ITransceiverService.h">
      </Unit>
      <Unit filename="/home/matthias/roboycontrol/src/roboy_control/src/transceiver/ROSMessageTransceiverService.h">
      </Unit>
      <Unit filename="/home/matthias/roboycontrol/src/roboy_control/src/view/EditorView/EditorView.h">
      </Unit>
      <Unit filename="/home/matthias/roboycontrol/src/roboy_control/src/view/EditorView/EditorView.ui">
      </Unit>
      <Unit filename="/home/matthias/roboycontrol/src/roboy_control/src/view/MainWindow/MainWindow.h">
      </Unit>
      <Unit filename="/home/matthias/roboycontrol/src/roboy_control/src/view/MainWindow/MainWindow.ui">
      </Unit>
      <Unit filename="/home/matthias/roboycontrol/src/roboy_control/src/view/PlayerView/BehaviorListModel.h">
      </Unit>
      <Unit filename="/home/matthias/roboycontrol/src/roboy_control/src/view/PlayerView/MultiLaneView/IMultiLaneViewModel.h">
      </Unit>
      <Unit filename="/home/matthias/roboycontrol/src/roboy_control/src/view/PlayerView/MultiLaneView/MultiLaneView.h">
      </Unit>
      <Unit filename="/home/matthias/roboycontrol/src/roboy_control/src/view/PlayerView/MultiLaneView/MultiLaneViewItem.h">
      </Unit>
      <Unit filename="/home/matthias/roboycontrol/src/roboy_control/src/view/PlayerView/MultiLaneView/MultiLaneViewLane.h">
      </Unit>
      <Unit filename="/home/matthias/roboycontrol/src/roboy_control/src/view/PlayerView/MultiLaneView/RoboyMultiLaneModel.h">
      </Unit>
      <Unit filename="/home/matthias/roboycontrol/src/roboy_control/src/view/PlayerView/PlayerResources.qrc">
      </Unit>
      <Unit filename="/home/matthias/roboycontrol/src/roboy_control/src/view/PlayerView/PlayerView.h">
      </Unit>
      <Unit filename="/home/matthias/roboycontrol/src/roboy_control/src/view/PlayerView/PlayerView.ui">
      </Unit>
      <Unit filename="/home/matthias/roboycontrol/src/roboy_control/src/view/RecorderView/RecorderView.h">
      </Unit>
      <Unit filename="/home/matthias/roboycontrol/src/roboy_control/src/view/RecorderView/RecorderView.ui">
      </Unit>
      <Unit filename="/home/matthias/roboycontrol/src/roboy_control/src/view/ViewController.h">
      </Unit>
      <Unit filename="/home/matthias/roboycontrol/src/CMakeLists.txt">
          <Option virtualFolder="CMake Files\" />
      </Unit>
      <Unit filename="/home/matthias/roboycontrol/src/../../../../usr/src/gtest/CMakeLists.txt">
          <Option virtualFolder="CMake Files\..\..\..\..\usr\src\gtest\" />
      </Unit>
      <Unit filename="/home/matthias/roboycontrol/src/../../../../usr/src/gtest/CMakeLists.txt">
          <Option virtualFolder="CMake Files\..\..\..\..\usr\src\gtest\" />
      </Unit>
      <Unit filename="/home/matthias/roboycontrol/src/../../../../usr/src/gtest/cmake/internal_utils.cmake">
          <Option virtualFolder="CMake Files\..\..\..\..\usr\src\gtest\cmake\" />
      </Unit>
      <Unit filename="/home/matthias/roboycontrol/src/../../../../usr/src/gtest/cmake/internal_utils.cmake">
          <Option virtualFolder="CMake Files\..\..\..\..\usr\src\gtest\cmake\" />
      </Unit>
      <Unit filename="/home/matthias/roboycontrol/src/../../../../opt/ros/indigo/share/catkin/cmake/catkinConfig-version.cmake">
          <Option virtualFolder="CMake Files\..\..\..\..\opt\ros\indigo\share\catkin\cmake\" />
      </Unit>
      <Unit filename="/home/matthias/roboycontrol/src/../../../../opt/ros/indigo/share/catkin/cmake/catkinConfig.cmake">
          <Option virtualFolder="CMake Files\..\..\..\..\opt\ros\indigo\share\catkin\cmake\" />
      </Unit>
      <Unit filename="/home/matthias/roboycontrol/src/../../../../opt/ros/indigo/share/catkin/cmake/all.cmake">
          <Option virtualFolder="CMake Files\..\..\..\..\opt\ros\indigo\share\catkin\cmake\" />
      </Unit>
      <Unit filename="/home/matthias/roboycontrol/src/../../../../opt/ros/indigo/share/catkin/cmake/assert.cmake">
          <Option virtualFolder="CMake Files\..\..\..\..\opt\ros\indigo\share\catkin\cmake\" />
      </Unit>
      <Unit filename="/home/matthias/roboycontrol/src/../../../../opt/ros/indigo/share/catkin/cmake/atomic_configure_file.cmake">
          <Option virtualFolder="CMake Files\..\..\..\..\opt\ros\indigo\share\catkin\cmake\" />
      </Unit>
      <Unit filename="/home/matthias/roboycontrol/src/../../../../opt/ros/indigo/share/catkin/cmake/catkin_add_env_hooks.cmake">
          <Option virtualFolder="CMake Files\..\..\..\..\opt\ros\indigo\share\catkin\cmake\" />
      </Unit>
      <Unit filename="/home/matthias/roboycontrol/src/../../../../opt/ros/indigo/share/catkin/cmake/catkin_destinations.cmake">
          <Option virtualFolder="CMake Files\..\..\..\..\opt\ros\indigo\share\catkin\cmake\" />
      </Unit>
      <Unit filename="/home/matthias/roboycontrol/src/../../../../opt/ros/indigo/share/catkin/cmake/catkin_download.cmake">
          <Option virtualFolder="CMake Files\..\..\..\..\opt\ros\indigo\share\catkin\cmake\" />
      </Unit>
      <Unit filename="/home/matthias/roboycontrol/src/../../../../opt/ros/indigo/share/catkin/cmake/catkin_generate_environment.cmake">
          <Option virtualFolder="CMake Files\..\..\..\..\opt\ros\indigo\share\catkin\cmake\" />
      </Unit>
      <Unit filename="/home/matthias/roboycontrol/src/../../../../opt/ros/indigo/share/catkin/cmake/catkin_install_python.cmake">
          <Option virtualFolder="CMake Files\..\..\..\..\opt\ros\indigo\share\catkin\cmake\" />
      </Unit>
      <Unit filename="/home/matthias/roboycontrol/src/../../../../opt/ros/indigo/share/catkin/cmake/catkin_libraries.cmake">
          <Option virtualFolder="CMake Files\..\..\..\..\opt\ros\indigo\share\catkin\cmake\" />
      </Unit>
      <Unit filename="/home/matthias/roboycontrol/src/../../../../opt/ros/indigo/share/catkin/cmake/catkin_metapackage.cmake">
          <Option virtualFolder="CMake Files\..\..\..\..\opt\ros\indigo\share\catkin\cmake\" />
      </Unit>
      <Unit filename="/home/matthias/roboycontrol/src/../../../../opt/ros/indigo/share/catkin/cmake/catkin_package.cmake">
          <Option virtualFolder="CMake Files\..\..\..\..\opt\ros\indigo\share\catkin\cmake\" />
      </Unit>
      <Unit filename="/home/matthias/roboycontrol/src/../../../../opt/ros/indigo/share/catkin/cmake/catkin_package_xml.cmake">
          <Option virtualFolder="CMake Files\..\..\..\..\opt\ros\indigo\share\catkin\cmake\" />
      </Unit>
      <Unit filename="/home/matthias/roboycontrol/src/../../../../opt/ros/indigo/share/catkin/cmake/catkin_workspace.cmake">
          <Option virtualFolder="CMake Files\..\..\..\..\opt\ros\indigo\share\catkin\cmake\" />
      </Unit>
      <Unit filename="/home/matthias/roboycontrol/src/../../../../opt/ros/indigo/share/catkin/cmake/debug_message.cmake">
          <Option virtualFolder="CMake Files\..\..\..\..\opt\ros\indigo\share\catkin\cmake\" />
      </Unit>
      <Unit filename="/home/matthias/roboycontrol/src/../../../../opt/ros/indigo/share/catkin/cmake/em_expand.cmake">
          <Option virtualFolder="CMake Files\..\..\..\..\opt\ros\indigo\share\catkin\cmake\" />
      </Unit>
      <Unit filename="/home/matthias/roboycontrol/src/../../../../opt/ros/indigo/share/catkin/cmake/python.cmake">
          <Option virtualFolder="CMake Files\..\..\..\..\opt\ros\indigo\share\catkin\cmake\" />
      </Unit>
      <Unit filename="/home/matthias/roboycontrol/src/../../../../opt/ros/indigo/share/catkin/cmake/empy.cmake">
          <Option virtualFolder="CMake Files\..\..\..\..\opt\ros\indigo\share\catkin\cmake\" />
      </Unit>
      <Unit filename="/home/matthias/roboycontrol/src/../../../../opt/ros/indigo/share/catkin/cmake/find_program_required.cmake">
          <Option virtualFolder="CMake Files\..\..\..\..\opt\ros\indigo\share\catkin\cmake\" />
      </Unit>
      <Unit filename="/home/matthias/roboycontrol/src/../../../../opt/ros/indigo/share/catkin/cmake/legacy.cmake">
          <Option virtualFolder="CMake Files\..\..\..\..\opt\ros\indigo\share\catkin\cmake\" />
      </Unit>
      <Unit filename="/home/matthias/roboycontrol/src/../../../../opt/ros/indigo/share/catkin/cmake/list_append_deduplicate.cmake">
          <Option virtualFolder="CMake Files\..\..\..\..\opt\ros\indigo\share\catkin\cmake\" />
      </Unit>
      <Unit filename="/home/matthias/roboycontrol/src/../../../../opt/ros/indigo/share/catkin/cmake/list_append_unique.cmake">
          <Option virtualFolder="CMake Files\..\..\..\..\opt\ros\indigo\share\catkin\cmake\" />
      </Unit>
      <Unit filename="/home/matthias/roboycontrol/src/../../../../opt/ros/indigo/share/catkin/cmake/list_insert_in_workspace_order.cmake">
          <Option virtualFolder="CMake Files\..\..\..\..\opt\ros\indigo\share\catkin\cmake\" />
      </Unit>
      <Unit filename="/home/matthias/roboycontrol/src/../../../../opt/ros/indigo/share/catkin/cmake/safe_execute_process.cmake">
          <Option virtualFolder="CMake Files\..\..\..\..\opt\ros\indigo\share\catkin\cmake\" />
      </Unit>
      <Unit filename="/home/matthias/roboycontrol/src/../../../../opt/ros/indigo/share/catkin/cmake/stamp.cmake">
          <Option virtualFolder="CMake Files\..\..\..\..\opt\ros\indigo\share\catkin\cmake\" />
      </Unit>
      <Unit filename="/home/matthias/roboycontrol/src/../../../../opt/ros/indigo/share/catkin/cmake/string_starts_with.cmake">
          <Option virtualFolder="CMake Files\..\..\..\..\opt\ros\indigo\share\catkin\cmake\" />
      </Unit>
      <Unit filename="/home/matthias/roboycontrol/src/../../../../opt/ros/indigo/share/catkin/cmake/catkin_python_setup.cmake">
          <Option virtualFolder="CMake Files\..\..\..\..\opt\ros\indigo\share\catkin\cmake\" />
      </Unit>
      <Unit filename="/home/matthias/roboycontrol/src/../../../../opt/ros/indigo/share/catkin/cmake/interrogate_setup_dot_py.py">
          <Option virtualFolder="CMake Files\..\..\..\..\opt\ros\indigo\share\catkin\cmake\" />
      </Unit>
      <Unit filename="/home/matthias/roboycontrol/src/../../../../opt/ros/indigo/share/catkin/cmake/catkinConfig-version.cmake">
          <Option virtualFolder="CMake Files\..\..\..\..\opt\ros\indigo\share\catkin\cmake\" />
      </Unit>
      <Unit filename="/home/matthias/roboycontrol/src/../../../../opt/ros/indigo/share/catkin/cmake/catkinConfig.cmake">
          <Option virtualFolder="CMake Files\..\..\..\..\opt\ros\indigo\share\catkin\cmake\" />
      </Unit>
      <Unit filename="/home/matthias/roboycontrol/src/../../../../opt/ros/indigo/share/catkin/cmake/platform/lsb.cmake">
          <Option virtualFolder="CMake Files\..\..\..\..\opt\ros\indigo\share\catkin\cmake\platform\" />
      </Unit>
      <Unit filename="/home/matthias/roboycontrol/src/../../../../opt/ros/indigo/share/catkin/cmake/platform/ubuntu.cmake">
          <Option virtualFolder="CMake Files\..\..\..\..\opt\ros\indigo\share\catkin\cmake\platform\" />
      </Unit>
      <Unit filename="/home/matthias/roboycontrol/src/../../../../opt/ros/indigo/share/catkin/cmake/platform/windows.cmake">
          <Option virtualFolder="CMake Files\..\..\..\..\opt\ros\indigo\share\catkin\cmake\platform\" />
      </Unit>
      <Unit filename="/home/matthias/roboycontrol/src/../../../../opt/ros/indigo/share/catkin/cmake/test/tests.cmake">
          <Option virtualFolder="CMake Files\..\..\..\..\opt\ros\indigo\share\catkin\cmake\test\" />
      </Unit>
      <Unit filename="/home/matthias/roboycontrol/src/../../../../opt/ros/indigo/share/catkin/cmake/test/catkin_download_test_data.cmake">
          <Option virtualFolder="CMake Files\..\..\..\..\opt\ros\indigo\share\catkin\cmake\test\" />
      </Unit>
      <Unit filename="/home/matthias/roboycontrol/src/../../../../opt/ros/indigo/share/catkin/cmake/test/gtest.cmake">
          <Option virtualFolder="CMake Files\..\..\..\..\opt\ros\indigo\share\catkin\cmake\test\" />
      </Unit>
      <Unit filename="/home/matthias/roboycontrol/src/../../../../opt/ros/indigo/share/catkin/cmake/test/nosetests.cmake">
          <Option virtualFolder="CMake Files\..\..\..\..\opt\ros\indigo\share\catkin\cmake\test\" />
      </Unit>
      <Unit filename="/home/matthias/roboycontrol/src/../../../../opt/ros/indigo/share/catkin/cmake/tools/doxygen.cmake">
          <Option virtualFolder="CMake Files\..\..\..\..\opt\ros\indigo\share\catkin\cmake\tools\" />
      </Unit>
      <Unit filename="/home/matthias/roboycontrol/src/../../../../opt/ros/indigo/share/catkin/cmake/tools/libraries.cmake">
          <Option virtualFolder="CMake Files\..\..\..\..\opt\ros\indigo\share\catkin\cmake\tools\" />
      </Unit>
      <Unit filename="/home/matthias/roboycontrol/src/../../../../opt/ros/indigo/share/catkin/cmake/tools/rt.cmake">
          <Option virtualFolder="CMake Files\..\..\..\..\opt\ros\indigo\share\catkin\cmake\tools\" />
      </Unit>
      <Unit filename="/home/matthias/roboycontrol/src/../../../../opt/ros/indigo/share/catkin/cmake/../package.xml">
          <Option virtualFolder="CMake Files\..\..\..\..\opt\ros\indigo\share\catkin\cmake\..\" />
      </Unit>
      <Unit filename="/home/matthias/roboycontrol/src/../../../../opt/ros/indigo/share/catkin/cmake/templates/_setup_util.py.in">
          <Option virtualFolder="CMake Files\..\..\..\..\opt\ros\indigo\share\catkin\cmake\templates\" />
      </Unit>
      <Unit filename="/home/matthias/roboycontrol/src/../../../../opt/ros/indigo/share/catkin/cmake/templates/env.sh.in">
          <Option virtualFolder="CMake Files\..\..\..\..\opt\ros\indigo\share\catkin\cmake\templates\" />
      </Unit>
      <Unit filename="/home/matthias/roboycontrol/src/../../../../opt/ros/indigo/share/catkin/cmake/templates/setup.bash.in">
          <Option virtualFolder="CMake Files\..\..\..\..\opt\ros\indigo\share\catkin\cmake\templates\" />
      </Unit>
      <Unit filename="/home/matthias/roboycontrol/src/../../../../opt/ros/indigo/share/catkin/cmake/templates/setup.sh.in">
          <Option virtualFolder="CMake Files\..\..\..\..\opt\ros\indigo\share\catkin\cmake\templates\" />
      </Unit>
      <Unit filename="/home/matthias/roboycontrol/src/../../../../opt/ros/indigo/share/catkin/cmake/templates/setup.zsh.in">
          <Option virtualFolder="CMake Files\..\..\..\..\opt\ros\indigo\share\catkin\cmake\templates\" />
      </Unit>
      <Unit filename="/home/matthias/roboycontrol/src/../../../../opt/ros/indigo/share/catkin/cmake/templates/rosinstall.in">
          <Option virtualFolder="CMake Files\..\..\..\..\opt\ros\indigo\share\catkin\cmake\templates\" />
      </Unit>
      <Unit filename="/home/matthias/roboycontrol/src/../../../../opt/ros/indigo/share/catkin/cmake/templates/_setup_util.py.in">
          <Option virtualFolder="CMake Files\..\..\..\..\opt\ros\indigo\share\catkin\cmake\templates\" />
      </Unit>
      <Unit filename="/home/matthias/roboycontrol/src/../../../../opt/ros/indigo/share/catkin/cmake/templates/env.sh.in">
          <Option virtualFolder="CMake Files\..\..\..\..\opt\ros\indigo\share\catkin\cmake\templates\" />
      </Unit>
      <Unit filename="/home/matthias/roboycontrol/src/../../../../opt/ros/indigo/share/catkin/cmake/templates/setup.bash.in">
          <Option virtualFolder="CMake Files\..\..\..\..\opt\ros\indigo\share\catkin\cmake\templates\" />
      </Unit>
      <Unit filename="/home/matthias/roboycontrol/src/../../../../opt/ros/indigo/share/catkin/cmake/templates/setup.sh.in">
          <Option virtualFolder="CMake Files\..\..\..\..\opt\ros\indigo\share\catkin\cmake\templates\" />
      </Unit>
      <Unit filename="/home/matthias/roboycontrol/src/../../../../opt/ros/indigo/share/catkin/cmake/templates/setup.zsh.in">
          <Option virtualFolder="CMake Files\..\..\..\..\opt\ros\indigo\share\catkin\cmake\templates\" />
      </Unit>
      <Unit filename="/home/matthias/roboycontrol/src/../../../../opt/ros/indigo/share/catkin/cmake/templates/rosinstall.in">
          <Option virtualFolder="CMake Files\..\..\..\..\opt\ros\indigo\share\catkin\cmake\templates\" />
      </Unit>
      <Unit filename="/home/matthias/roboycontrol/src/../../../../opt/ros/indigo/share/catkin/cmake/templates/generate_cached_setup.py.in">
          <Option virtualFolder="CMake Files\..\..\..\..\opt\ros\indigo\share\catkin\cmake\templates\" />
      </Unit>
      <Unit filename="/home/matthias/roboycontrol/src/../../../../opt/ros/indigo/share/catkin/cmake/templates/env.sh.in">
          <Option virtualFolder="CMake Files\..\..\..\..\opt\ros\indigo\share\catkin\cmake\templates\" />
      </Unit>
      <Unit filename="/home/matthias/roboycontrol/src/../../../../opt/ros/indigo/share/catkin/cmake/templates/order_packages.context.py.in">
          <Option virtualFolder="CMake Files\..\..\..\..\opt\ros\indigo\share\catkin\cmake\templates\" />
      </Unit>
      <Unit filename="/home/matthias/roboycontrol/src/../../../../opt/ros/indigo/share/catkin/cmake/templates/pkg.context.pc.in">
          <Option virtualFolder="CMake Files\..\..\..\..\opt\ros\indigo\share\catkin\cmake\templates\" />
      </Unit>
      <Unit filename="/home/matthias/roboycontrol/src/../../../../opt/ros/indigo/share/catkin/cmake/templates/pkgConfig.cmake.in">
          <Option virtualFolder="CMake Files\..\..\..\..\opt\ros\indigo\share\catkin\cmake\templates\" />
      </Unit>
      <Unit filename="/home/matthias/roboycontrol/src/../../../../opt/ros/indigo/share/catkin/cmake/templates/pkgConfig-version.cmake.in">
          <Option virtualFolder="CMake Files\..\..\..\..\opt\ros\indigo\share\catkin\cmake\templates\" />
      </Unit>
      <Unit filename="/home/matthias/roboycontrol/src/../../../../opt/ros/indigo/share/catkin/cmake/templates/pkg.context.pc.in">
          <Option virtualFolder="CMake Files\..\..\..\..\opt\ros\indigo\share\catkin\cmake\templates\" />
      </Unit>
      <Unit filename="/home/matthias/roboycontrol/src/../../../../opt/ros/indigo/share/catkin/cmake/templates/pkgConfig.cmake.in">
          <Option virtualFolder="CMake Files\..\..\..\..\opt\ros\indigo\share\catkin\cmake\templates\" />
      </Unit>
      <Unit filename="/home/matthias/roboycontrol/src/../../../../opt/ros/indigo/share/catkin/cmake/templates/pkgConfig-version.cmake.in">
          <Option virtualFolder="CMake Files\..\..\..\..\opt\ros\indigo\share\catkin\cmake\templates\" />
      </Unit>
      <Unit filename="/home/matthias/roboycontrol/src/../../../../opt/ros/indigo/share/catkin/cmake/em/order_packages.cmake.em">
          <Option virtualFolder="CMake Files\..\..\..\..\opt\ros\indigo\share\catkin\cmake\em\" />
      </Unit>
      <Unit filename="/home/matthias/roboycontrol/src/../../../../opt/ros/indigo/share/catkin/cmake/em/pkg.pc.em">
          <Option virtualFolder="CMake Files\..\..\..\..\opt\ros\indigo\share\catkin\cmake\em\" />
      </Unit>
      <Unit filename="/home/matthias/roboycontrol/src/../../../../opt/ros/indigo/share/catkin/cmake/em/pkg.pc.em">
          <Option virtualFolder="CMake Files\..\..\..\..\opt\ros\indigo\share\catkin\cmake\em\" />
      </Unit>
      <Unit filename="/home/matthias/roboycontrol/src/../../../../opt/ros/indigo/share/roscpp/cmake/roscppConfig-version.cmake">
          <Option virtualFolder="CMake Files\..\..\..\..\opt\ros\indigo\share\roscpp\cmake\" />
      </Unit>
      <Unit filename="/home/matthias/roboycontrol/src/../../../../opt/ros/indigo/share/roscpp/cmake/roscppConfig.cmake">
          <Option virtualFolder="CMake Files\..\..\..\..\opt\ros\indigo\share\roscpp\cmake\" />
      </Unit>
      <Unit filename="/home/matthias/roboycontrol/src/../../../../opt/ros/indigo/share/roscpp/cmake/roscpp-msg-extras.cmake">
          <Option virtualFolder="CMake Files\..\..\..\..\opt\ros\indigo\share\roscpp\cmake\" />
      </Unit>
      <Unit filename="/home/matthias/roboycontrol/src/../../../../opt/ros/indigo/share/cpp_common/cmake/cpp_commonConfig-version.cmake">
          <Option virtualFolder="CMake Files\..\..\..\..\opt\ros\indigo\share\cpp_common\cmake\" />
      </Unit>
      <Unit filename="/home/matthias/roboycontrol/src/../../../../opt/ros/indigo/share/cpp_common/cmake/cpp_commonConfig.cmake">
          <Option virtualFolder="CMake Files\..\..\..\..\opt\ros\indigo\share\cpp_common\cmake\" />
      </Unit>
      <Unit filename="/home/matthias/roboycontrol/src/../../../../opt/ros/indigo/share/message_runtime/cmake/message_runtimeConfig-version.cmake">
          <Option virtualFolder="CMake Files\..\..\..\..\opt\ros\indigo\share\message_runtime\cmake\" />
      </Unit>
      <Unit filename="/home/matthias/roboycontrol/src/../../../../opt/ros/indigo/share/message_runtime/cmake/message_runtimeConfig.cmake">
          <Option virtualFolder="CMake Files\..\..\..\..\opt\ros\indigo\share\message_runtime\cmake\" />
      </Unit>
      <Unit filename="/home/matthias/roboycontrol/src/../../../../opt/ros/indigo/share/roscpp_serialization/cmake/roscpp_serializationConfig-version.cmake">
          <Option virtualFolder="CMake Files\..\..\..\..\opt\ros\indigo\share\roscpp_serialization\cmake\" />
      </Unit>
      <Unit filename="/home/matthias/roboycontrol/src/../../../../opt/ros/indigo/share/roscpp_serialization/cmake/roscpp_serializationConfig.cmake">
          <Option virtualFolder="CMake Files\..\..\..\..\opt\ros\indigo\share\roscpp_serialization\cmake\" />
      </Unit>
      <Unit filename="/home/matthias/roboycontrol/src/../../../../opt/ros/indigo/share/roscpp_traits/cmake/roscpp_traitsConfig-version.cmake">
          <Option virtualFolder="CMake Files\..\..\..\..\opt\ros\indigo\share\roscpp_traits\cmake\" />
      </Unit>
      <Unit filename="/home/matthias/roboycontrol/src/../../../../opt/ros/indigo/share/roscpp_traits/cmake/roscpp_traitsConfig.cmake">
          <Option virtualFolder="CMake Files\..\..\..\..\opt\ros\indigo\share\roscpp_traits\cmake\" />
      </Unit>
      <Unit filename="/home/matthias/roboycontrol/src/../../../../opt/ros/indigo/share/rostime/cmake/rostimeConfig-version.cmake">
          <Option virtualFolder="CMake Files\..\..\..\..\opt\ros\indigo\share\rostime\cmake\" />
      </Unit>
      <Unit filename="/home/matthias/roboycontrol/src/../../../../opt/ros/indigo/share/rostime/cmake/rostimeConfig.cmake">
          <Option virtualFolder="CMake Files\..\..\..\..\opt\ros\indigo\share\rostime\cmake\" />
      </Unit>
      <Unit filename="/home/matthias/roboycontrol/src/../../../../opt/ros/indigo/share/rosconsole/cmake/rosconsoleConfig-version.cmake">
          <Option virtualFolder="CMake Files\..\..\..\..\opt\ros\indigo\share\rosconsole\cmake\" />
      </Unit>
      <Unit filename="/home/matthias/roboycontrol/src/../../../../opt/ros/indigo/share/rosconsole/cmake/rosconsoleConfig.cmake">
          <Option virtualFolder="CMake Files\..\..\..\..\opt\ros\indigo\share\rosconsole\cmake\" />
      </Unit>
      <Unit filename="/home/matthias/roboycontrol/src/../../../../opt/ros/indigo/share/rosconsole/cmake/rosconsole-extras.cmake">
          <Option virtualFolder="CMake Files\..\..\..\..\opt\ros\indigo\share\rosconsole\cmake\" />
      </Unit>
      <Unit filename="/home/matthias/roboycontrol/src/../../../../opt/ros/indigo/share/rosgraph_msgs/cmake/rosgraph_msgsConfig-version.cmake">
          <Option virtualFolder="CMake Files\..\..\..\..\opt\ros\indigo\share\rosgraph_msgs\cmake\" />
      </Unit>
      <Unit filename="/home/matthias/roboycontrol/src/../../../../opt/ros/indigo/share/rosgraph_msgs/cmake/rosgraph_msgsConfig.cmake">
          <Option virtualFolder="CMake Files\..\..\..\..\opt\ros\indigo\share\rosgraph_msgs\cmake\" />
      </Unit>
      <Unit filename="/home/matthias/roboycontrol/src/../../../../opt/ros/indigo/share/rosgraph_msgs/cmake/rosgraph_msgs-msg-extras.cmake">
          <Option virtualFolder="CMake Files\..\..\..\..\opt\ros\indigo\share\rosgraph_msgs\cmake\" />
      </Unit>
      <Unit filename="/home/matthias/roboycontrol/src/../../../../opt/ros/indigo/share/std_msgs/cmake/std_msgsConfig-version.cmake">
          <Option virtualFolder="CMake Files\..\..\..\..\opt\ros\indigo\share\std_msgs\cmake\" />
      </Unit>
      <Unit filename="/home/matthias/roboycontrol/src/../../../../opt/ros/indigo/share/std_msgs/cmake/std_msgsConfig.cmake">
          <Option virtualFolder="CMake Files\..\..\..\..\opt\ros\indigo\share\std_msgs\cmake\" />
      </Unit>
      <Unit filename="/home/matthias/roboycontrol/src/../../../../opt/ros/indigo/share/std_msgs/cmake/std_msgs-msg-extras.cmake">
          <Option virtualFolder="CMake Files\..\..\..\..\opt\ros\indigo\share\std_msgs\cmake\" />
      </Unit>
      <Unit filename="/home/matthias/roboycontrol/src/../../../../opt/ros/indigo/share/std_msgs/cmake/std_msgsConfig-version.cmake">
          <Option virtualFolder="CMake Files\..\..\..\..\opt\ros\indigo\share\std_msgs\cmake\" />
      </Unit>
      <Unit filename="/home/matthias/roboycontrol/src/../../../../opt/ros/indigo/share/std_msgs/cmake/std_msgsConfig.cmake">
          <Option virtualFolder="CMake Files\..\..\..\..\opt\ros\indigo\share\std_msgs\cmake\" />
      </Unit>
      <Unit filename="/home/matthias/roboycontrol/src/../../../../opt/ros/indigo/share/std_msgs/cmake/std_msgs-msg-paths.cmake">
          <Option virtualFolder="CMake Files\..\..\..\..\opt\ros\indigo\share\std_msgs\cmake\" />
      </Unit>
      <Unit filename="/home/matthias/roboycontrol/src/../../../../opt/ros/indigo/share/xmlrpcpp/cmake/xmlrpcppConfig-version.cmake">
          <Option virtualFolder="CMake Files\..\..\..\..\opt\ros\indigo\share\xmlrpcpp\cmake\" />
      </Unit>
      <Unit filename="/home/matthias/roboycontrol/src/../../../../opt/ros/indigo/share/xmlrpcpp/cmake/xmlrpcppConfig.cmake">
          <Option virtualFolder="CMake Files\..\..\..\..\opt\ros\indigo\share\xmlrpcpp\cmake\" />
      </Unit>
      <Unit filename="/home/matthias/roboycontrol/src/../../../../opt/ros/indigo/share/rospy/cmake/rospyConfig-version.cmake">
          <Option virtualFolder="CMake Files\..\..\..\..\opt\ros\indigo\share\rospy\cmake\" />
      </Unit>
      <Unit filename="/home/matthias/roboycontrol/src/../../../../opt/ros/indigo/share/rospy/cmake/rospyConfig.cmake">
          <Option virtualFolder="CMake Files\..\..\..\..\opt\ros\indigo\share\rospy\cmake\" />
      </Unit>
      <Unit filename="/home/matthias/roboycontrol/src/../../../../opt/ros/indigo/share/message_generation/cmake/message_generationConfig-version.cmake">
          <Option virtualFolder="CMake Files\..\..\..\..\opt\ros\indigo\share\message_generation\cmake\" />
      </Unit>
      <Unit filename="/home/matthias/roboycontrol/src/../../../../opt/ros/indigo/share/message_generation/cmake/message_generationConfig.cmake">
          <Option virtualFolder="CMake Files\..\..\..\..\opt\ros\indigo\share\message_generation\cmake\" />
      </Unit>
      <Unit filename="/home/matthias/roboycontrol/src/../../../../opt/ros/indigo/share/gencpp/cmake/gencppConfig-version.cmake">
          <Option virtualFolder="CMake Files\..\..\..\..\opt\ros\indigo\share\gencpp\cmake\" />
      </Unit>
      <Unit filename="/home/matthias/roboycontrol/src/../../../../opt/ros/indigo/share/gencpp/cmake/gencppConfig.cmake">
          <Option virtualFolder="CMake Files\..\..\..\..\opt\ros\indigo\share\gencpp\cmake\" />
      </Unit>
      <Unit filename="/home/matthias/roboycontrol/src/../../../../opt/ros/indigo/share/gencpp/cmake/gencppConfig-version.cmake">
          <Option virtualFolder="CMake Files\..\..\..\..\opt\ros\indigo\share\gencpp\cmake\" />
      </Unit>
      <Unit filename="/home/matthias/roboycontrol/src/../../../../opt/ros/indigo/share/gencpp/cmake/gencppConfig.cmake">
          <Option virtualFolder="CMake Files\..\..\..\..\opt\ros\indigo\share\gencpp\cmake\" />
      </Unit>
      <Unit filename="/home/matthias/roboycontrol/src/../../../../opt/ros/indigo/share/gencpp/cmake/gencpp-extras.cmake">
          <Option virtualFolder="CMake Files\..\..\..\..\opt\ros\indigo\share\gencpp\cmake\" />
      </Unit>
      <Unit filename="/home/matthias/roboycontrol/src/../../../../opt/ros/indigo/share/gencpp/cmake/gencppConfig-version.cmake">
          <Option virtualFolder="CMake Files\..\..\..\..\opt\ros\indigo\share\gencpp\cmake\" />
      </Unit>
      <Unit filename="/home/matthias/roboycontrol/src/../../../../opt/ros/indigo/share/gencpp/cmake/gencppConfig.cmake">
          <Option virtualFolder="CMake Files\..\..\..\..\opt\ros\indigo\share\gencpp\cmake\" />
      </Unit>
      <Unit filename="/home/matthias/roboycontrol/src/../../../../opt/ros/indigo/share/genmsg/cmake/genmsgConfig-version.cmake">
          <Option virtualFolder="CMake Files\..\..\..\..\opt\ros\indigo\share\genmsg\cmake\" />
      </Unit>
      <Unit filename="/home/matthias/roboycontrol/src/../../../../opt/ros/indigo/share/genmsg/cmake/genmsgConfig.cmake">
          <Option virtualFolder="CMake Files\..\..\..\..\opt\ros\indigo\share\genmsg\cmake\" />
      </Unit>
      <Unit filename="/home/matthias/roboycontrol/src/../../../../opt/ros/indigo/share/genmsg/cmake/genmsg-extras.cmake">
          <Option virtualFolder="CMake Files\..\..\..\..\opt\ros\indigo\share\genmsg\cmake\" />
      </Unit>
      <Unit filename="/home/matthias/roboycontrol/src/../../../../opt/ros/indigo/share/genmsg/cmake/genmsgConfig-version.cmake">
          <Option virtualFolder="CMake Files\..\..\..\..\opt\ros\indigo\share\genmsg\cmake\" />
      </Unit>
      <Unit filename="/home/matthias/roboycontrol/src/../../../../opt/ros/indigo/share/genmsg/cmake/genmsgConfig.cmake">
          <Option virtualFolder="CMake Files\..\..\..\..\opt\ros\indigo\share\genmsg\cmake\" />
      </Unit>
      <Unit filename="/home/matthias/roboycontrol/src/../../../../opt/ros/indigo/share/genmsg/cmake/pkg-msg-paths.cmake.develspace.in">
          <Option virtualFolder="CMake Files\..\..\..\..\opt\ros\indigo\share\genmsg\cmake\" />
      </Unit>
      <Unit filename="/home/matthias/roboycontrol/src/../../../../opt/ros/indigo/share/genmsg/cmake/pkg-msg-paths.cmake.installspace.in">
          <Option virtualFolder="CMake Files\..\..\..\..\opt\ros\indigo\share\genmsg\cmake\" />
      </Unit>
      <Unit filename="/home/matthias/roboycontrol/src/../../../../opt/ros/indigo/share/genmsg/cmake/pkg-msg-extras.cmake.in">
          <Option virtualFolder="CMake Files\..\..\..\..\opt\ros\indigo\share\genmsg\cmake\" />
      </Unit>
      <Unit filename="/home/matthias/roboycontrol/src/../../../../opt/ros/indigo/share/genmsg/cmake/pkg-msg-extras.cmake.in">
          <Option virtualFolder="CMake Files\..\..\..\..\opt\ros\indigo\share\genmsg\cmake\" />
      </Unit>
      <Unit filename="/home/matthias/roboycontrol/src/../../../../opt/ros/indigo/share/genmsg/cmake/pkg-genmsg.context.in">
          <Option virtualFolder="CMake Files\..\..\..\..\opt\ros\indigo\share\genmsg\cmake\" />
      </Unit>
      <Unit filename="/home/matthias/roboycontrol/src/../../../../opt/ros/indigo/share/genmsg/cmake/pkg-genmsg.cmake.em">
          <Option virtualFolder="CMake Files\..\..\..\..\opt\ros\indigo\share\genmsg\cmake\" />
      </Unit>
      <Unit filename="/home/matthias/roboycontrol/src/../../../../opt/ros/indigo/share/genlisp/cmake/genlispConfig-version.cmake">
          <Option virtualFolder="CMake Files\..\..\..\..\opt\ros\indigo\share\genlisp\cmake\" />
      </Unit>
      <Unit filename="/home/matthias/roboycontrol/src/../../../../opt/ros/indigo/share/genlisp/cmake/genlispConfig.cmake">
          <Option virtualFolder="CMake Files\..\..\..\..\opt\ros\indigo\share\genlisp\cmake\" />
      </Unit>
      <Unit filename="/home/matthias/roboycontrol/src/../../../../opt/ros/indigo/share/genlisp/cmake/genlisp-extras.cmake">
          <Option virtualFolder="CMake Files\..\..\..\..\opt\ros\indigo\share\genlisp\cmake\" />
      </Unit>
      <Unit filename="/home/matthias/roboycontrol/src/../../../../opt/ros/indigo/share/genlisp/cmake/genlispConfig-version.cmake">
          <Option virtualFolder="CMake Files\..\..\..\..\opt\ros\indigo\share\genlisp\cmake\" />
      </Unit>
      <Unit filename="/home/matthias/roboycontrol/src/../../../../opt/ros/indigo/share/genlisp/cmake/genlispConfig.cmake">
          <Option virtualFolder="CMake Files\..\..\..\..\opt\ros\indigo\share\genlisp\cmake\" />
      </Unit>
      <Unit filename="/home/matthias/roboycontrol/src/../../../../opt/ros/indigo/share/genpy/cmake/genpyConfig-version.cmake">
          <Option virtualFolder="CMake Files\..\..\..\..\opt\ros\indigo\share\genpy\cmake\" />
      </Unit>
      <Unit filename="/home/matthias/roboycontrol/src/../../../../opt/ros/indigo/share/genpy/cmake/genpyConfig.cmake">
          <Option virtualFolder="CMake Files\..\..\..\..\opt\ros\indigo\share\genpy\cmake\" />
      </Unit>
      <Unit filename="/home/matthias/roboycontrol/src/../../../../opt/ros/indigo/share/genpy/cmake/genpy-extras.cmake">
          <Option virtualFolder="CMake Files\..\..\..\..\opt\ros\indigo\share\genpy\cmake\" />
      </Unit>
      <Unit filename="/home/matthias/roboycontrol/src/../../../../opt/ros/indigo/share/genpy/cmake/genpyConfig-version.cmake">
          <Option virtualFolder="CMake Files\..\..\..\..\opt\ros\indigo\share\genpy\cmake\" />
      </Unit>
      <Unit filename="/home/matthias/roboycontrol/src/../../../../opt/ros/indigo/share/genpy/cmake/genpyConfig.cmake">
          <Option virtualFolder="CMake Files\..\..\..\..\opt\ros\indigo\share\genpy\cmake\" />
      </Unit>
      <Unit filename="/home/matthias/roboycontrol/src/../build-src-Desktop-Default/catkin/catkin_generated/version/package.cmake">
          <Option virtualFolder="CMake Files\..\build-src-Desktop-Default\catkin\catkin_generated\version\" />
      </Unit>
      <Unit filename="/home/matthias/roboycontrol/src/../build-src-Desktop-Default/catkin_generated/order_packages.cmake">
          <Option virtualFolder="CMake Files\..\build-src-Desktop-Default\catkin_generated\" />
      </Unit>
      <Unit filename="/home/matthias/roboycontrol/src/../build-src-Desktop-Default/catkin_generated/ordered_paths.cmake">
          <Option virtualFolder="CMake Files\..\build-src-Desktop-Default\catkin_generated\" />
      </Unit>
      <Unit filename="/home/matthias/roboycontrol/src/../build-src-Desktop-Default/catkin_generated/ordered_paths.cmake">
          <Option virtualFolder="CMake Files\..\build-src-Desktop-Default\catkin_generated\" />
      </Unit>
      <Unit filename="/home/matthias/roboycontrol/src/../build-src-Desktop-Default/devel/share/roboy_control/cmake/roboy_control-msg-paths.cmake">
          <Option virtualFolder="CMake Files\..\build-src-Desktop-Default\devel\share\roboy_control\cmake\" />
      </Unit>
      <Unit filename="/home/matthias/roboycontrol/src/../build-src-Desktop-Default/roboy_control/cmake/roboy_control-genmsg.cmake">
          <Option virtualFolder="CMake Files\..\build-src-Desktop-Default\roboy_control\cmake\" />
      </Unit>
      <Unit filename="/home/matthias/roboycontrol/src/../build-src-Desktop-Default/roboy_control/catkin_generated/package.cmake">
          <Option virtualFolder="CMake Files\..\build-src-Desktop-Default\roboy_control\catkin_generated\" />
      </Unit>
      <Unit filename="/home/matthias/roboycontrol/src/../build-src-Desktop-Default/roboy_control/catkin_generated/roboy_control-msg-extras.cmake.develspace.in">
          <Option virtualFolder="CMake Files\..\build-src-Desktop-Default\roboy_control\catkin_generated\" />
      </Unit>
      <Unit filename="/home/matthias/roboycontrol/src/../build-src-Desktop-Default/roboy_control/catkin_generated/roboy_control-msg-extras.cmake.installspace.in">
          <Option virtualFolder="CMake Files\..\build-src-Desktop-Default\roboy_control\catkin_generated\" />
      </Unit>
      <Unit filename="/home/matthias/roboycontrol/src/roboy_control/CMakeLists.txt">
          <Option virtualFolder="CMake Files\roboy_control\" />
      </Unit>
      <Unit filename="/home/matthias/roboycontrol/src/roboy_control/package.xml">
          <Option virtualFolder="CMake Files\roboy_control\" />
      </Unit>
      <Unit filename="/home/matthias/roboycontrol/src/roboy_control/src/CMakeLists.txt">
          <Option virtualFolder="CMake Files\roboy_control\src\" />
      </Unit>
      <Unit filename="/home/matthias/roboycontrol/src/roboy_control/src/view/CMakeLists.txt">
          <Option virtualFolder="CMake Files\roboy_control\src\view\" />
      </Unit>
      <Unit filename="/home/matthias/roboycontrol/src/roboy_control/src/view/PlayerView/PlayerResources.qrc">
          <Option virtualFolder="CMake Files\roboy_control\src\view\PlayerView\" />
      </Unit>
      <Unit filename="/home/matthias/roboycontrol/src/roboy_control/src/model/CMakeLists.txt">
          <Option virtualFolder="CMake Files\roboy_control\src\model\" />
      </Unit>
      <Unit filename="/home/matthias/roboycontrol/src/roboy_control/src/transceiver/CMakeLists.txt">
          <Option virtualFolder="CMake Files\roboy_control\src\transceiver\" />
      </Unit>
      <Unit filename="/home/matthias/roboycontrol/src/roboy_control/src/controller/CMakeLists.txt">
          <Option virtualFolder="CMake Files\roboy_control\src\controller\" />
      </Unit>
      <Unit filename="/home/matthias/roboycontrol/src/roboy_control/src/interfaces/CMakeLists.txt">
          <Option virtualFolder="CMake Files\roboy_control\src\interfaces\" />
      </Unit>
   </Project>
</CodeBlocks_project_file>
